// !$*UTF8*$!
{
	archiveVersion = 1;
	classes = {
	};
	objectVersion = 46;
	objects = {

/* Begin PBXBuildFile section */
		D70C32D71C07A68A00BFEA68 /* AsyncButton.swift in Sources */ = {isa = PBXBuildFile; fileRef = D70C32B91C07A68A00BFEA68 /* AsyncButton.swift */; };
		D70C32D81C07A68A00BFEA68 /* AsyncImageView.swift in Sources */ = {isa = PBXBuildFile; fileRef = D70C32BA1C07A68A00BFEA68 /* AsyncImageView.swift */; };
		D70C32D91C07A68A00BFEA68 /* AutoTextView.swift in Sources */ = {isa = PBXBuildFile; fileRef = D70C32BB1C07A68A00BFEA68 /* AutoTextView.swift */; };
		D70C32DA1C07A68A00BFEA68 /* BlurView.swift in Sources */ = {isa = PBXBuildFile; fileRef = D70C32BC1C07A68A00BFEA68 /* BlurView.swift */; };
		D70C32DB1C07A68A00BFEA68 /* DesignableButton.swift in Sources */ = {isa = PBXBuildFile; fileRef = D70C32BD1C07A68A00BFEA68 /* DesignableButton.swift */; };
		D70C32DC1C07A68A00BFEA68 /* DesignableImageView.swift in Sources */ = {isa = PBXBuildFile; fileRef = D70C32BE1C07A68A00BFEA68 /* DesignableImageView.swift */; };
		D70C32DD1C07A68A00BFEA68 /* DesignableLabel.swift in Sources */ = {isa = PBXBuildFile; fileRef = D70C32BF1C07A68A00BFEA68 /* DesignableLabel.swift */; };
		D70C32DE1C07A68A00BFEA68 /* DesignableTabBarController.swift in Sources */ = {isa = PBXBuildFile; fileRef = D70C32C01C07A68A00BFEA68 /* DesignableTabBarController.swift */; };
		D70C32DF1C07A68A00BFEA68 /* DesignableTextField.swift in Sources */ = {isa = PBXBuildFile; fileRef = D70C32C11C07A68A00BFEA68 /* DesignableTextField.swift */; };
		D70C32E01C07A68A00BFEA68 /* DesignableTextView.swift in Sources */ = {isa = PBXBuildFile; fileRef = D70C32C21C07A68A00BFEA68 /* DesignableTextView.swift */; };
		D70C32E11C07A68A00BFEA68 /* DesignableView.swift in Sources */ = {isa = PBXBuildFile; fileRef = D70C32C31C07A68A00BFEA68 /* DesignableView.swift */; };
		D70C32E21C07A68A00BFEA68 /* ImageLoader.swift in Sources */ = {isa = PBXBuildFile; fileRef = D70C32C41C07A68A00BFEA68 /* ImageLoader.swift */; };
		D70C32E31C07A68A00BFEA68 /* Info.plist in Resources */ = {isa = PBXBuildFile; fileRef = D70C32C51C07A68A00BFEA68 /* Info.plist */; };
		D70C32E41C07A68A00BFEA68 /* KeyboardLayoutConstraint.swift in Sources */ = {isa = PBXBuildFile; fileRef = D70C32C61C07A68A00BFEA68 /* KeyboardLayoutConstraint.swift */; };
		D70C32E51C07A68A00BFEA68 /* LoadingView.swift in Sources */ = {isa = PBXBuildFile; fileRef = D70C32C71C07A68A00BFEA68 /* LoadingView.swift */; };
		D70C32E61C07A68A00BFEA68 /* LoadingView.xib in Resources */ = {isa = PBXBuildFile; fileRef = D70C32C81C07A68A00BFEA68 /* LoadingView.xib */; };
		D70C32E71C07A68A00BFEA68 /* Misc.swift in Sources */ = {isa = PBXBuildFile; fileRef = D70C32C91C07A68A00BFEA68 /* Misc.swift */; };
		D70C32E81C07A68A00BFEA68 /* SoundPlayer.swift in Sources */ = {isa = PBXBuildFile; fileRef = D70C32CA1C07A68A00BFEA68 /* SoundPlayer.swift */; };
		D70C32E91C07A68A00BFEA68 /* Spring.swift in Sources */ = {isa = PBXBuildFile; fileRef = D70C32CC1C07A68A00BFEA68 /* Spring.swift */; };
		D70C32EA1C07A68A00BFEA68 /* SpringAnimation.swift in Sources */ = {isa = PBXBuildFile; fileRef = D70C32CD1C07A68A00BFEA68 /* SpringAnimation.swift */; };
		D70C32EB1C07A68A00BFEA68 /* SpringButton.swift in Sources */ = {isa = PBXBuildFile; fileRef = D70C32CE1C07A68A00BFEA68 /* SpringButton.swift */; };
		D70C32EC1C07A68A00BFEA68 /* SpringImageView.swift in Sources */ = {isa = PBXBuildFile; fileRef = D70C32CF1C07A68A00BFEA68 /* SpringImageView.swift */; };
		D70C32ED1C07A68A00BFEA68 /* SpringLabel.swift in Sources */ = {isa = PBXBuildFile; fileRef = D70C32D01C07A68A00BFEA68 /* SpringLabel.swift */; };
		D70C32EE1C07A68A00BFEA68 /* SpringTextField.swift in Sources */ = {isa = PBXBuildFile; fileRef = D70C32D11C07A68A00BFEA68 /* SpringTextField.swift */; };
		D70C32EF1C07A68A00BFEA68 /* SpringTextView.swift in Sources */ = {isa = PBXBuildFile; fileRef = D70C32D21C07A68A00BFEA68 /* SpringTextView.swift */; };
		D70C32F01C07A68A00BFEA68 /* SpringView.swift in Sources */ = {isa = PBXBuildFile; fileRef = D70C32D31C07A68A00BFEA68 /* SpringView.swift */; };
		D70C32F11C07A68A00BFEA68 /* TransitionManager.swift in Sources */ = {isa = PBXBuildFile; fileRef = D70C32D41C07A68A00BFEA68 /* TransitionManager.swift */; };
		D70C32F21C07A68A00BFEA68 /* TransitionZoom.swift in Sources */ = {isa = PBXBuildFile; fileRef = D70C32D51C07A68A00BFEA68 /* TransitionZoom.swift */; };
		D70C32F31C07A68A00BFEA68 /* UnwindSegue.swift in Sources */ = {isa = PBXBuildFile; fileRef = D70C32D61C07A68A00BFEA68 /* UnwindSegue.swift */; };
		D71420CB1BF252820010C64B /* iCarousel.m in Sources */ = {isa = PBXBuildFile; fileRef = D71420CA1BF252820010C64B /* iCarousel.m */; };
		D71420CE1BF253F00010C64B /* QuartzCore.framework in Frameworks */ = {isa = PBXBuildFile; fileRef = D71420CD1BF253F00010C64B /* QuartzCore.framework */; };
		D7161CCF1C0277130060BCD4 /* Snowflake.swift in Sources */ = {isa = PBXBuildFile; fileRef = D7161CCD1C0277130060BCD4 /* Snowflake.swift */; };
		D7161CD01C0277130060BCD4 /* SnowflakesView.swift in Sources */ = {isa = PBXBuildFile; fileRef = D7161CCE1C0277130060BCD4 /* SnowflakesView.swift */; };
		D7161D291C03A82D0060BCD4 /* CoreData.framework in Frameworks */ = {isa = PBXBuildFile; fileRef = D7161D281C03A82D0060BCD4 /* CoreData.framework */; };
		D71F23E71B27F3DF00EDF21E /* AppDelegate.swift in Sources */ = {isa = PBXBuildFile; fileRef = D71F23E61B27F3DF00EDF21E /* AppDelegate.swift */; };
		D71F23EC1B27F3DF00EDF21E /* Main.storyboard in Resources */ = {isa = PBXBuildFile; fileRef = D71F23EA1B27F3DF00EDF21E /* Main.storyboard */; };
		D71F23F11B27F3DF00EDF21E /* LaunchScreen.storyboard in Resources */ = {isa = PBXBuildFile; fileRef = D71F23EF1B27F3DF00EDF21E /* LaunchScreen.storyboard */; };
		D71F23FC1B27F3DF00EDF21E /* Golden_WordsTests.swift in Sources */ = {isa = PBXBuildFile; fileRef = D71F23FB1B27F3DF00EDF21E /* Golden_WordsTests.swift */; };
		D71F24071B27F3DF00EDF21E /* Golden_WordsUITests.swift in Sources */ = {isa = PBXBuildFile; fileRef = D71F24061B27F3DF00EDF21E /* Golden_WordsUITests.swift */; };
		D732A8C11B40884D007DF6D7 /* CurrentIssueArticlesTableViewCell.swift in Sources */ = {isa = PBXBuildFile; fileRef = D732A8C01B40884D007DF6D7 /* CurrentIssueArticlesTableViewCell.swift */; };
		D732A9111B40CE5B007DF6D7 /* CurrentIssueDetailViewController.swift in Sources */ = {isa = PBXBuildFile; fileRef = D732A9101B40CE5B007DF6D7 /* CurrentIssueDetailViewController.swift */; };
		D73AAA281B2F8777001E8933 /* MapKit.framework in Frameworks */ = {isa = PBXBuildFile; fileRef = D73AAA271B2F8777001E8933 /* MapKit.framework */; };
		D73AAA2A1B2F88A3001E8933 /* MenuController.swift in Sources */ = {isa = PBXBuildFile; fileRef = D73AAA291B2F88A3001E8933 /* MenuController.swift */; };
		D73AAA2D1B2F890D001E8933 /* NewsTableViewController.swift in Sources */ = {isa = PBXBuildFile; fileRef = D73AAA2B1B2F890D001E8933 /* NewsTableViewController.swift */; };
		D73AAA301B2F8976001E8933 /* NewsTableViewCell.swift in Sources */ = {isa = PBXBuildFile; fileRef = D73AAA2F1B2F8976001E8933 /* NewsTableViewCell.swift */; };
		D73AAA321B2F89B8001E8933 /* MapViewController.swift in Sources */ = {isa = PBXBuildFile; fileRef = D73AAA311B2F89B8001E8933 /* MapViewController.swift */; };
		D73AAA341B2F89D1001E8933 /* PhotoBrowserCollectionViewController.swift in Sources */ = {isa = PBXBuildFile; fileRef = D73AAA331B2F89D1001E8933 /* PhotoBrowserCollectionViewController.swift */; };
		D73E1FFB1B41EEA300F37AE0 /* NewsDetailViewController.swift in Sources */ = {isa = PBXBuildFile; fileRef = D73E1FFA1B41EEA300F37AE0 /* NewsDetailViewController.swift */; };
		D73E1FFF1B42BF3B00F37AE0 /* RandomTableViewCell.swift in Sources */ = {isa = PBXBuildFile; fileRef = D73E1FFE1B42BF3B00F37AE0 /* RandomTableViewCell.swift */; };
		D74623931B335279001F93BC /* CurrentIssueTableViewController.swift in Sources */ = {isa = PBXBuildFile; fileRef = D74623921B335279001F93BC /* CurrentIssueTableViewController.swift */; };
		D74623951B335284001F93BC /* EditorialsTableViewController.swift in Sources */ = {isa = PBXBuildFile; fileRef = D74623941B335284001F93BC /* EditorialsTableViewController.swift */; };
		D74623991B3352DE001F93BC /* VideosViewController.swift in Sources */ = {isa = PBXBuildFile; fileRef = D74623981B3352DE001F93BC /* VideosViewController.swift */; };
		D746239B1B3352FC001F93BC /* IssueArchiveViewController.swift in Sources */ = {isa = PBXBuildFile; fileRef = D746239A1B3352FC001F93BC /* IssueArchiveViewController.swift */; };
		D746239D1B33531C001F93BC /* AboutViewController.swift in Sources */ = {isa = PBXBuildFile; fileRef = D746239C1B33531C001F93BC /* AboutViewController.swift */; };
		D746239F1B33532D001F93BC /* ContactUsViewController.swift in Sources */ = {isa = PBXBuildFile; fileRef = D746239E1B33532D001F93BC /* ContactUsViewController.swift */; };
		D757B9191B2F71CA00AACD96 /* UIKit.framework in Frameworks */ = {isa = PBXBuildFile; fileRef = D757B9181B2F71CA00AACD96 /* UIKit.framework */; };
		D75928FC1B8E9C0F009963CA /* RefreshContents.xib in Resources */ = {isa = PBXBuildFile; fileRef = D75928FB1B8E9C0F009963CA /* RefreshContents.xib */; };
		D75D96781B7A4864002C1232 /* SWRevealViewController.m in Sources */ = {isa = PBXBuildFile; fileRef = D75D96771B7A4864002C1232 /* SWRevealViewController.m */; };
		D76583621B4DD57900740DED /* JSON.swift in Sources */ = {isa = PBXBuildFile; fileRef = D76583611B4DD57900740DED /* JSON.swift */; };
		D76583641B4DE2D800740DED /* IssueLocation.swift in Sources */ = {isa = PBXBuildFile; fileRef = D76583631B4DE2D800740DED /* IssueLocation.swift */; };
		D76583661B4DE8B000740DED /* VCMapView.swift in Sources */ = {isa = PBXBuildFile; fileRef = D76583651B4DE8AF00740DED /* VCMapView.swift */; };
		D7728DC51BFE956500A6ECE6 /* SavedArticlesTableViewController.swift in Sources */ = {isa = PBXBuildFile; fileRef = D7728DC41BFE956500A6ECE6 /* SavedArticlesTableViewController.swift */; };
		D7728DC71BFE957600A6ECE6 /* SavedArticlesDetailViewController.swift in Sources */ = {isa = PBXBuildFile; fileRef = D7728DC61BFE957600A6ECE6 /* SavedArticlesDetailViewController.swift */; };
		D7728DF21BFEBA5100A6ECE6 /* GWDatabaseModel.xcdatamodeld in Sources */ = {isa = PBXBuildFile; fileRef = D7728DF01BFEBA5100A6ECE6 /* GWDatabaseModel.xcdatamodeld */; };
		D7728DF51BFEBF5400A6ECE6 /* Article+CoreDataProperties.swift in Sources */ = {isa = PBXBuildFile; fileRef = D7728DF31BFEBF5400A6ECE6 /* Article+CoreDataProperties.swift */; };
		D7728DF61BFEBF5400A6ECE6 /* Article.swift in Sources */ = {isa = PBXBuildFile; fileRef = D7728DF41BFEBF5400A6ECE6 /* Article.swift */; };
		D7728DFC1BFEDA7100A6ECE6 /* SavedArticlesTableViewCell.swift in Sources */ = {isa = PBXBuildFile; fileRef = D7728DFB1BFEDA7100A6ECE6 /* SavedArticlesTableViewCell.swift */; };
		D7728DFE1BFFA90E00A6ECE6 /* JSSAlertView.swift in Sources */ = {isa = PBXBuildFile; fileRef = D7728DFD1BFFA90E00A6ECE6 /* JSSAlertView.swift */; };
		D7728E031BFFD3B500A6ECE6 /* ClearSans-Bold.ttf in Resources */ = {isa = PBXBuildFile; fileRef = D7728DFF1BFFD05D00A6ECE6 /* ClearSans-Bold.ttf */; };
		D7728E041BFFD3B500A6ECE6 /* ClearSans-Light.ttf in Resources */ = {isa = PBXBuildFile; fileRef = D7728E001BFFD05D00A6ECE6 /* ClearSans-Light.ttf */; };
		D7728E051BFFD3B500A6ECE6 /* ClearSans-Regular.ttf in Resources */ = {isa = PBXBuildFile; fileRef = D7728E011BFFD05D00A6ECE6 /* ClearSans-Regular.ttf */; };
		D773A2861BB053B600D108D2 /* MyGlobalVariables.swift in Sources */ = {isa = PBXBuildFile; fileRef = D773A2851BB053B600D108D2 /* MyGlobalVariables.swift */; };
		D773A2A31BB07C9E00D108D2 /* PhotoBrowserCollectionViewCell.swift in Sources */ = {isa = PBXBuildFile; fileRef = D773A2A21BB07C9E00D108D2 /* PhotoBrowserCollectionViewCell.swift */; };
		D773A2A51BB0823300D108D2 /* PhotoBrowserCollectionViewLoadingCell.swift in Sources */ = {isa = PBXBuildFile; fileRef = D773A2A41BB0823300D108D2 /* PhotoBrowserCollectionViewLoadingCell.swift */; };
		D773A2A71BB0861600D108D2 /* PhotoViewerViewController.swift in Sources */ = {isa = PBXBuildFile; fileRef = D773A2A61BB0861600D108D2 /* PhotoViewerViewController.swift */; };
		D773A2A91BB0B32B00D108D2 /* GWNetworking.swift in Sources */ = {isa = PBXBuildFile; fileRef = D773A2A81BB0B32B00D108D2 /* GWNetworking.swift */; };
		D77D462E1C0E07A2009FB18F /* Indicator+CoreDataProperties.swift in Sources */ = {isa = PBXBuildFile; fileRef = D77D462C1C0E07A2009FB18F /* Indicator+CoreDataProperties.swift */; };
		D77D462F1C0E07A2009FB18F /* Indicator.swift in Sources */ = {isa = PBXBuildFile; fileRef = D77D462D1C0E07A2009FB18F /* Indicator.swift */; };
		D78897C31BC6F8E600126F84 /* Alamofire.framework in Frameworks */ = {isa = PBXBuildFile; fileRef = D78897BA1BC6F8DF00126F84 /* Alamofire.framework */; };
		D78897C41BC6F8E600126F84 /* Alamofire.framework in Embed Frameworks */ = {isa = PBXBuildFile; fileRef = D78897BA1BC6F8DF00126F84 /* Alamofire.framework */; settings = {ATTRIBUTES = (CodeSignOnCopy, RemoveHeadersOnCopy, ); }; };
		D79BD9AA1BE90FEA00708001 /* Instructions.framework in Frameworks */ = {isa = PBXBuildFile; fileRef = D79BD9A31BE90FDE00708001 /* Instructions.framework */; };
		D79BD9AB1BE90FEA00708001 /* Instructions.framework in Embed Frameworks */ = {isa = PBXBuildFile; fileRef = D79BD9A31BE90FDE00708001 /* Instructions.framework */; settings = {ATTRIBUTES = (CodeSignOnCopy, RemoveHeadersOnCopy, ); }; };
		D79C98E51B866D7B000669A9 /* PullRefreshViewController.swift in Sources */ = {isa = PBXBuildFile; fileRef = D79C98E41B866D7B000669A9 /* PullRefreshViewController.swift */; };
		D7A3F16A1BE7E48400E4321E /* YouTubePlayer.framework in Frameworks */ = {isa = PBXBuildFile; fileRef = D7A3F1691BE7E47900E4321E /* YouTubePlayer.framework */; };
		D7A3F16B1BE7E48400E4321E /* YouTubePlayer.framework in Embed Frameworks */ = {isa = PBXBuildFile; fileRef = D7A3F1691BE7E47900E4321E /* YouTubePlayer.framework */; settings = {ATTRIBUTES = (CodeSignOnCopy, RemoveHeadersOnCopy, ); }; };
		D7A3F16F1BE7E68E00E4321E /* VideosDetailViewController.swift in Sources */ = {isa = PBXBuildFile; fileRef = D7A3F16E1BE7E68E00E4321E /* VideosDetailViewController.swift */; };
		D7A51BA91B3D96DF001E862A /* EditorialsDetailViewController.swift in Sources */ = {isa = PBXBuildFile; fileRef = D7A51BA81B3D96DF001E862A /* EditorialsDetailViewController.swift */; };
		D7A51BAB1B3D98AB001E862A /* EditorialsTableViewCell.swift in Sources */ = {isa = PBXBuildFile; fileRef = D7A51BAA1B3D98AB001E862A /* EditorialsTableViewCell.swift */; };
		D7BBC2251BF539620027520F /* customCarouselItemView.swift in Sources */ = {isa = PBXBuildFile; fileRef = D7BBC2241BF539620027520F /* customCarouselItemView.swift */; };
		D7C343841C10F3BB006AA0F8 /* Date View.swift in Sources */ = {isa = PBXBuildFile; fileRef = D7C343831C10F3BB006AA0F8 /* Date View.swift */; };
		D7C343861C110479006AA0F8 /* CoverImageView.swift in Sources */ = {isa = PBXBuildFile; fileRef = D7C343851C110479006AA0F8 /* CoverImageView.swift */; };
		D7DAF1971C0AA24B00E22466 /* Popover.swift in Sources */ = {isa = PBXBuildFile; fileRef = D7DAF1961C0AA24B00E22466 /* Popover.swift */; };
		D7DCBF6E1C0527F50082CF3B /* DGElasticPullToRefreshConstants.swift in Sources */ = {isa = PBXBuildFile; fileRef = D7DCBF691C0527F50082CF3B /* DGElasticPullToRefreshConstants.swift */; };
		D7DCBF6F1C0527F50082CF3B /* DGElasticPullToRefreshExtensions.swift in Sources */ = {isa = PBXBuildFile; fileRef = D7DCBF6A1C0527F50082CF3B /* DGElasticPullToRefreshExtensions.swift */; };
		D7DCBF701C0527F50082CF3B /* DGElasticPullToRefreshLoadingView.swift in Sources */ = {isa = PBXBuildFile; fileRef = D7DCBF6B1C0527F50082CF3B /* DGElasticPullToRefreshLoadingView.swift */; };
		D7DCBF711C0527F50082CF3B /* DGElasticPullToRefreshLoadingViewCircle.swift in Sources */ = {isa = PBXBuildFile; fileRef = D7DCBF6C1C0527F50082CF3B /* DGElasticPullToRefreshLoadingViewCircle.swift */; };
		D7DCBF721C0527F50082CF3B /* DGElasticPullToRefreshView.swift in Sources */ = {isa = PBXBuildFile; fileRef = D7DCBF6D1C0527F50082CF3B /* DGElasticPullToRefreshView.swift */; };
		D7DCBF811C06642C0082CF3B /* File.swift in Sources */ = {isa = PBXBuildFile; fileRef = D7DCBF801C06642C0082CF3B /* File.swift */; };
		D7E615C71BE2D607008B69AD /* AlamofireImage.framework in Frameworks */ = {isa = PBXBuildFile; fileRef = D7E615A81BE2D5F4008B69AD /* AlamofireImage.framework */; };
		D7E615C81BE2D607008B69AD /* AlamofireImage.framework in Embed Frameworks */ = {isa = PBXBuildFile; fileRef = D7E615A81BE2D5F4008B69AD /* AlamofireImage.framework */; settings = {ATTRIBUTES = (CodeSignOnCopy, RemoveHeadersOnCopy, ); }; };
		D7E615CC1BE3DEB4008B69AD /* Assets.xcassets in Resources */ = {isa = PBXBuildFile; fileRef = D7E615CB1BE3DEB4008B69AD /* Assets.xcassets */; };
		D7E8FF2A1BEAAA64003F70EC /* SwiftyJSON.framework in Frameworks */ = {isa = PBXBuildFile; fileRef = D7E8FF211BEAAA5A003F70EC /* SwiftyJSON.framework */; };
		D7E8FF2B1BEAAA64003F70EC /* SwiftyJSON.framework in Embed Frameworks */ = {isa = PBXBuildFile; fileRef = D7E8FF211BEAAA5A003F70EC /* SwiftyJSON.framework */; settings = {ATTRIBUTES = (CodeSignOnCopy, RemoveHeadersOnCopy, ); }; };
		D7ECD3D11BF1408200776EAC /* BWCircularSlider.swift in Sources */ = {isa = PBXBuildFile; fileRef = D7ECD3D01BF1408200776EAC /* BWCircularSlider.swift */; };
		D7ECD3E01BF140CA00776EAC /* BWCircularSliderView.swift in Sources */ = {isa = PBXBuildFile; fileRef = D7ECD3DF1BF140CA00776EAC /* BWCircularSliderView.swift */; };
		D7F109471BA848EF00B2B545 /* VideoTableViewCell.swift in Sources */ = {isa = PBXBuildFile; fileRef = D7F109461BA848EF00B2B545 /* VideoTableViewCell.swift */; };
		D7F52BE81B7C03960085201D /* RandomDetailViewController.swift in Sources */ = {isa = PBXBuildFile; fileRef = D7F52BE71B7C03960085201D /* RandomDetailViewController.swift */; };
		D7F52BEA1B7C03E10085201D /* RandomTableViewController.swift in Sources */ = {isa = PBXBuildFile; fileRef = D7F52BE91B7C03E10085201D /* RandomTableViewController.swift */; };
/* End PBXBuildFile section */

/* Begin PBXContainerItemProxy section */
		D71F23F81B27F3DF00EDF21E /* PBXContainerItemProxy */ = {
			isa = PBXContainerItemProxy;
			containerPortal = D71F23DB1B27F3DF00EDF21E /* Project object */;
			proxyType = 1;
			remoteGlobalIDString = D71F23E21B27F3DF00EDF21E;
			remoteInfo = "Golden Words";
		};
		D71F24031B27F3DF00EDF21E /* PBXContainerItemProxy */ = {
			isa = PBXContainerItemProxy;
			containerPortal = D71F23DB1B27F3DF00EDF21E /* Project object */;
			proxyType = 1;
			remoteGlobalIDString = D71F23E21B27F3DF00EDF21E;
			remoteInfo = "Golden Words";
		};
		D78897B91BC6F8DF00126F84 /* PBXContainerItemProxy */ = {
			isa = PBXContainerItemProxy;
			containerPortal = D78897B11BC6F8DF00126F84 /* Alamofire.xcodeproj */;
			proxyType = 2;
			remoteGlobalIDString = F8111E3319A95C8B0040E7D1;
			remoteInfo = "Alamofire iOS";
		};
		D78897BB1BC6F8DF00126F84 /* PBXContainerItemProxy */ = {
			isa = PBXContainerItemProxy;
			containerPortal = D78897B11BC6F8DF00126F84 /* Alamofire.xcodeproj */;
			proxyType = 2;
			remoteGlobalIDString = 4DD67C0B1A5C55C900ED2280;
			remoteInfo = "Alamofire OSX";
		};
		D78897BD1BC6F8DF00126F84 /* PBXContainerItemProxy */ = {
			isa = PBXContainerItemProxy;
			containerPortal = D78897B11BC6F8DF00126F84 /* Alamofire.xcodeproj */;
			proxyType = 2;
			remoteGlobalIDString = E4202FE01B667AA100C997FB;
			remoteInfo = "Alamofire watchOS";
		};
		D78897BF1BC6F8DF00126F84 /* PBXContainerItemProxy */ = {
			isa = PBXContainerItemProxy;
			containerPortal = D78897B11BC6F8DF00126F84 /* Alamofire.xcodeproj */;
			proxyType = 2;
			remoteGlobalIDString = F8111E3E19A95C8B0040E7D1;
			remoteInfo = "Alamofire iOS Tests";
		};
		D78897C11BC6F8DF00126F84 /* PBXContainerItemProxy */ = {
			isa = PBXContainerItemProxy;
			containerPortal = D78897B11BC6F8DF00126F84 /* Alamofire.xcodeproj */;
			proxyType = 2;
			remoteGlobalIDString = F829C6B21A7A94F100A2CD59;
			remoteInfo = "Alamofire OSX Tests";
		};
		D78897C51BC6F8E600126F84 /* PBXContainerItemProxy */ = {
			isa = PBXContainerItemProxy;
			containerPortal = D78897B11BC6F8DF00126F84 /* Alamofire.xcodeproj */;
			proxyType = 1;
			remoteGlobalIDString = F8111E3219A95C8B0040E7D1;
			remoteInfo = "Alamofire iOS";
		};
		D79BD9A21BE90FDE00708001 /* PBXContainerItemProxy */ = {
			isa = PBXContainerItemProxy;
			containerPortal = D79BD9951BE90FDE00708001 /* Instructions.xcodeproj */;
			proxyType = 2;
			remoteGlobalIDString = C64FB2E91BB6CA8A0081E5B6;
			remoteInfo = Instructions;
		};
		D79BD9A41BE90FDE00708001 /* PBXContainerItemProxy */ = {
			isa = PBXContainerItemProxy;
			containerPortal = D79BD9951BE90FDE00708001 /* Instructions.xcodeproj */;
			proxyType = 2;
			remoteGlobalIDString = C64FB2F31BB6CA8A0081E5B6;
			remoteInfo = InstructionsTests;
		};
		D79BD9AC1BE90FEA00708001 /* PBXContainerItemProxy */ = {
			isa = PBXContainerItemProxy;
			containerPortal = D79BD9951BE90FDE00708001 /* Instructions.xcodeproj */;
			proxyType = 1;
			remoteGlobalIDString = C64FB2E81BB6CA8A0081E5B6;
			remoteInfo = Instructions;
		};
		D7A3F1681BE7E47900E4321E /* PBXContainerItemProxy */ = {
			isa = PBXContainerItemProxy;
			containerPortal = D7A3F1641BE7E47900E4321E /* YouTubePlayer.xcodeproj */;
			proxyType = 2;
			remoteGlobalIDString = 502AE85F1A475FD500306AD1;
			remoteInfo = YouTubePlayer;
		};
		D7A3F16C1BE7E48400E4321E /* PBXContainerItemProxy */ = {
			isa = PBXContainerItemProxy;
			containerPortal = D7A3F1641BE7E47900E4321E /* YouTubePlayer.xcodeproj */;
			proxyType = 1;
			remoteGlobalIDString = 502AE85E1A475FD500306AD1;
			remoteInfo = YouTubePlayer;
		};
		D7E615A71BE2D5F4008B69AD /* PBXContainerItemProxy */ = {
			isa = PBXContainerItemProxy;
			containerPortal = D7E6159E1BE2D5F4008B69AD /* AlamofireImage.xcodeproj */;
			proxyType = 2;
			remoteGlobalIDString = 4C9043771AABBFC5001B4E60;
			remoteInfo = "AlamofireImage iOS";
		};
		D7E615A91BE2D5F4008B69AD /* PBXContainerItemProxy */ = {
			isa = PBXContainerItemProxy;
			containerPortal = D7E6159E1BE2D5F4008B69AD /* AlamofireImage.xcodeproj */;
			proxyType = 2;
			remoteGlobalIDString = 4CE611321AABC24E00D35044;
			remoteInfo = "AlamofireImage OSX";
		};
		D7E615AB1BE2D5F4008B69AD /* PBXContainerItemProxy */ = {
			isa = PBXContainerItemProxy;
			containerPortal = D7E6159E1BE2D5F4008B69AD /* AlamofireImage.xcodeproj */;
			proxyType = 2;
			remoteGlobalIDString = 4C4D4EC11B92976900C96855;
			remoteInfo = "AlamofireImage watchOS";
		};
		D7E615AD1BE2D5F4008B69AD /* PBXContainerItemProxy */ = {
			isa = PBXContainerItemProxy;
			containerPortal = D7E6159E1BE2D5F4008B69AD /* AlamofireImage.xcodeproj */;
			proxyType = 2;
			remoteGlobalIDString = 4C9043821AABBFC5001B4E60;
			remoteInfo = "AlamofireImage iOS Tests";
		};
		D7E615AF1BE2D5F4008B69AD /* PBXContainerItemProxy */ = {
			isa = PBXContainerItemProxy;
			containerPortal = D7E6159E1BE2D5F4008B69AD /* AlamofireImage.xcodeproj */;
			proxyType = 2;
			remoteGlobalIDString = 4CE611471AABC5C900D35044;
			remoteInfo = "AlamofireImage OSX Tests";
		};
		D7E615C91BE2D607008B69AD /* PBXContainerItemProxy */ = {
			isa = PBXContainerItemProxy;
			containerPortal = D7E6159E1BE2D5F4008B69AD /* AlamofireImage.xcodeproj */;
			proxyType = 1;
			remoteGlobalIDString = 4C9043761AABBFC5001B4E60;
			remoteInfo = "AlamofireImage iOS";
		};
		D7E8FF201BEAAA5A003F70EC /* PBXContainerItemProxy */ = {
			isa = PBXContainerItemProxy;
			containerPortal = D7E8FF181BEAAA5A003F70EC /* SwiftyJSON.xcodeproj */;
			proxyType = 2;
			remoteGlobalIDString = 2E4FEFDB19575BE100351305;
			remoteInfo = "SwiftyJSON iOS";
		};
		D7E8FF221BEAAA5A003F70EC /* PBXContainerItemProxy */ = {
			isa = PBXContainerItemProxy;
			containerPortal = D7E8FF181BEAAA5A003F70EC /* SwiftyJSON.xcodeproj */;
			proxyType = 2;
			remoteGlobalIDString = 2E4FEFE619575BE100351305;
			remoteInfo = "SwiftyJSON iOS Tests";
		};
		D7E8FF241BEAAA5A003F70EC /* PBXContainerItemProxy */ = {
			isa = PBXContainerItemProxy;
			containerPortal = D7E8FF181BEAAA5A003F70EC /* SwiftyJSON.xcodeproj */;
			proxyType = 2;
			remoteGlobalIDString = 9C7DFC5B1A9102BD005AA3F7;
			remoteInfo = "SwiftyJSON OSX";
		};
		D7E8FF261BEAAA5A003F70EC /* PBXContainerItemProxy */ = {
			isa = PBXContainerItemProxy;
			containerPortal = D7E8FF181BEAAA5A003F70EC /* SwiftyJSON.xcodeproj */;
			proxyType = 2;
			remoteGlobalIDString = 9C7DFC651A9102BD005AA3F7;
			remoteInfo = "SwiftyJSON OSX Tests";
		};
		D7E8FF281BEAAA5A003F70EC /* PBXContainerItemProxy */ = {
			isa = PBXContainerItemProxy;
			containerPortal = D7E8FF181BEAAA5A003F70EC /* SwiftyJSON.xcodeproj */;
			proxyType = 2;
			remoteGlobalIDString = E4D7CCE81B9465A700EE7221;
			remoteInfo = "SwiftyJSON watchOS";
		};
		D7E8FF2C1BEAAA64003F70EC /* PBXContainerItemProxy */ = {
			isa = PBXContainerItemProxy;
			containerPortal = D7E8FF181BEAAA5A003F70EC /* SwiftyJSON.xcodeproj */;
			proxyType = 1;
			remoteGlobalIDString = 2E4FEFDA19575BE100351305;
			remoteInfo = "SwiftyJSON iOS";
		};
/* End PBXContainerItemProxy section */

/* Begin PBXCopyFilesBuildPhase section */
		D773A29D1BB053FB00D108D2 /* Embed Frameworks */ = {
			isa = PBXCopyFilesBuildPhase;
			buildActionMask = 2147483647;
			dstPath = "";
			dstSubfolderSpec = 10;
			files = (
				D79BD9AB1BE90FEA00708001 /* Instructions.framework in Embed Frameworks */,
				D7E615C81BE2D607008B69AD /* AlamofireImage.framework in Embed Frameworks */,
				D7A3F16B1BE7E48400E4321E /* YouTubePlayer.framework in Embed Frameworks */,
				D78897C41BC6F8E600126F84 /* Alamofire.framework in Embed Frameworks */,
				D7E8FF2B1BEAAA64003F70EC /* SwiftyJSON.framework in Embed Frameworks */,
			);
			name = "Embed Frameworks";
			runOnlyForDeploymentPostprocessing = 0;
		};
/* End PBXCopyFilesBuildPhase section */

/* Begin PBXFileReference section */
		D70C32B91C07A68A00BFEA68 /* AsyncButton.swift */ = {isa = PBXFileReference; fileEncoding = 4; lastKnownFileType = sourcecode.swift; path = AsyncButton.swift; sourceTree = "<group>"; };
		D70C32BA1C07A68A00BFEA68 /* AsyncImageView.swift */ = {isa = PBXFileReference; fileEncoding = 4; lastKnownFileType = sourcecode.swift; path = AsyncImageView.swift; sourceTree = "<group>"; };
		D70C32BB1C07A68A00BFEA68 /* AutoTextView.swift */ = {isa = PBXFileReference; fileEncoding = 4; lastKnownFileType = sourcecode.swift; path = AutoTextView.swift; sourceTree = "<group>"; };
		D70C32BC1C07A68A00BFEA68 /* BlurView.swift */ = {isa = PBXFileReference; fileEncoding = 4; lastKnownFileType = sourcecode.swift; path = BlurView.swift; sourceTree = "<group>"; };
		D70C32BD1C07A68A00BFEA68 /* DesignableButton.swift */ = {isa = PBXFileReference; fileEncoding = 4; lastKnownFileType = sourcecode.swift; path = DesignableButton.swift; sourceTree = "<group>"; };
		D70C32BE1C07A68A00BFEA68 /* DesignableImageView.swift */ = {isa = PBXFileReference; fileEncoding = 4; lastKnownFileType = sourcecode.swift; path = DesignableImageView.swift; sourceTree = "<group>"; };
		D70C32BF1C07A68A00BFEA68 /* DesignableLabel.swift */ = {isa = PBXFileReference; fileEncoding = 4; lastKnownFileType = sourcecode.swift; path = DesignableLabel.swift; sourceTree = "<group>"; };
		D70C32C01C07A68A00BFEA68 /* DesignableTabBarController.swift */ = {isa = PBXFileReference; fileEncoding = 4; lastKnownFileType = sourcecode.swift; path = DesignableTabBarController.swift; sourceTree = "<group>"; };
		D70C32C11C07A68A00BFEA68 /* DesignableTextField.swift */ = {isa = PBXFileReference; fileEncoding = 4; lastKnownFileType = sourcecode.swift; path = DesignableTextField.swift; sourceTree = "<group>"; };
		D70C32C21C07A68A00BFEA68 /* DesignableTextView.swift */ = {isa = PBXFileReference; fileEncoding = 4; lastKnownFileType = sourcecode.swift; path = DesignableTextView.swift; sourceTree = "<group>"; };
		D70C32C31C07A68A00BFEA68 /* DesignableView.swift */ = {isa = PBXFileReference; fileEncoding = 4; lastKnownFileType = sourcecode.swift; path = DesignableView.swift; sourceTree = "<group>"; };
		D70C32C41C07A68A00BFEA68 /* ImageLoader.swift */ = {isa = PBXFileReference; fileEncoding = 4; lastKnownFileType = sourcecode.swift; path = ImageLoader.swift; sourceTree = "<group>"; };
		D70C32C51C07A68A00BFEA68 /* Info.plist */ = {isa = PBXFileReference; fileEncoding = 4; lastKnownFileType = text.plist.xml; path = Info.plist; sourceTree = "<group>"; };
		D70C32C61C07A68A00BFEA68 /* KeyboardLayoutConstraint.swift */ = {isa = PBXFileReference; fileEncoding = 4; lastKnownFileType = sourcecode.swift; path = KeyboardLayoutConstraint.swift; sourceTree = "<group>"; };
		D70C32C71C07A68A00BFEA68 /* LoadingView.swift */ = {isa = PBXFileReference; fileEncoding = 4; lastKnownFileType = sourcecode.swift; path = LoadingView.swift; sourceTree = "<group>"; };
		D70C32C81C07A68A00BFEA68 /* LoadingView.xib */ = {isa = PBXFileReference; fileEncoding = 4; lastKnownFileType = file.xib; path = LoadingView.xib; sourceTree = "<group>"; };
		D70C32C91C07A68A00BFEA68 /* Misc.swift */ = {isa = PBXFileReference; fileEncoding = 4; lastKnownFileType = sourcecode.swift; path = Misc.swift; sourceTree = "<group>"; };
		D70C32CA1C07A68A00BFEA68 /* SoundPlayer.swift */ = {isa = PBXFileReference; fileEncoding = 4; lastKnownFileType = sourcecode.swift; path = SoundPlayer.swift; sourceTree = "<group>"; };
		D70C32CB1C07A68A00BFEA68 /* Spring.h */ = {isa = PBXFileReference; fileEncoding = 4; lastKnownFileType = sourcecode.c.h; path = Spring.h; sourceTree = "<group>"; };
		D70C32CC1C07A68A00BFEA68 /* Spring.swift */ = {isa = PBXFileReference; fileEncoding = 4; lastKnownFileType = sourcecode.swift; path = Spring.swift; sourceTree = "<group>"; };
		D70C32CD1C07A68A00BFEA68 /* SpringAnimation.swift */ = {isa = PBXFileReference; fileEncoding = 4; lastKnownFileType = sourcecode.swift; path = SpringAnimation.swift; sourceTree = "<group>"; };
		D70C32CE1C07A68A00BFEA68 /* SpringButton.swift */ = {isa = PBXFileReference; fileEncoding = 4; lastKnownFileType = sourcecode.swift; path = SpringButton.swift; sourceTree = "<group>"; };
		D70C32CF1C07A68A00BFEA68 /* SpringImageView.swift */ = {isa = PBXFileReference; fileEncoding = 4; lastKnownFileType = sourcecode.swift; path = SpringImageView.swift; sourceTree = "<group>"; };
		D70C32D01C07A68A00BFEA68 /* SpringLabel.swift */ = {isa = PBXFileReference; fileEncoding = 4; lastKnownFileType = sourcecode.swift; path = SpringLabel.swift; sourceTree = "<group>"; };
		D70C32D11C07A68A00BFEA68 /* SpringTextField.swift */ = {isa = PBXFileReference; fileEncoding = 4; lastKnownFileType = sourcecode.swift; path = SpringTextField.swift; sourceTree = "<group>"; };
		D70C32D21C07A68A00BFEA68 /* SpringTextView.swift */ = {isa = PBXFileReference; fileEncoding = 4; lastKnownFileType = sourcecode.swift; path = SpringTextView.swift; sourceTree = "<group>"; };
		D70C32D31C07A68A00BFEA68 /* SpringView.swift */ = {isa = PBXFileReference; fileEncoding = 4; lastKnownFileType = sourcecode.swift; path = SpringView.swift; sourceTree = "<group>"; };
		D70C32D41C07A68A00BFEA68 /* TransitionManager.swift */ = {isa = PBXFileReference; fileEncoding = 4; lastKnownFileType = sourcecode.swift; path = TransitionManager.swift; sourceTree = "<group>"; };
		D70C32D51C07A68A00BFEA68 /* TransitionZoom.swift */ = {isa = PBXFileReference; fileEncoding = 4; lastKnownFileType = sourcecode.swift; path = TransitionZoom.swift; sourceTree = "<group>"; };
		D70C32D61C07A68A00BFEA68 /* UnwindSegue.swift */ = {isa = PBXFileReference; fileEncoding = 4; lastKnownFileType = sourcecode.swift; path = UnwindSegue.swift; sourceTree = "<group>"; };
		D71420CA1BF252820010C64B /* iCarousel.m */ = {isa = PBXFileReference; fileEncoding = 4; lastKnownFileType = sourcecode.c.objc; path = iCarousel.m; sourceTree = "<group>"; };
		D71420CC1BF252960010C64B /* iCarousel.h */ = {isa = PBXFileReference; fileEncoding = 4; lastKnownFileType = sourcecode.c.h; path = iCarousel.h; sourceTree = "<group>"; };
		D71420CD1BF253F00010C64B /* QuartzCore.framework */ = {isa = PBXFileReference; lastKnownFileType = wrapper.framework; name = QuartzCore.framework; path = System/Library/Frameworks/QuartzCore.framework; sourceTree = SDKROOT; };
		D7161CCD1C0277130060BCD4 /* Snowflake.swift */ = {isa = PBXFileReference; fileEncoding = 4; lastKnownFileType = sourcecode.swift; path = Snowflake.swift; sourceTree = "<group>"; };
		D7161CCE1C0277130060BCD4 /* SnowflakesView.swift */ = {isa = PBXFileReference; fileEncoding = 4; lastKnownFileType = sourcecode.swift; path = SnowflakesView.swift; sourceTree = "<group>"; };
		D7161D281C03A82D0060BCD4 /* CoreData.framework */ = {isa = PBXFileReference; lastKnownFileType = wrapper.framework; name = CoreData.framework; path = System/Library/Frameworks/CoreData.framework; sourceTree = SDKROOT; };
		D71F23E61B27F3DF00EDF21E /* AppDelegate.swift */ = {isa = PBXFileReference; lastKnownFileType = sourcecode.swift; lineEnding = 0; path = AppDelegate.swift; sourceTree = "<group>"; xcLanguageSpecificationIdentifier = xcode.lang.swift; };
		D71F23EB1B27F3DF00EDF21E /* Base */ = {isa = PBXFileReference; lastKnownFileType = file.storyboard; name = Base; path = Base.lproj/Main.storyboard; sourceTree = "<group>"; };
		D71F23F01B27F3DF00EDF21E /* Base */ = {isa = PBXFileReference; lastKnownFileType = file.storyboard; name = Base; path = Base.lproj/LaunchScreen.storyboard; sourceTree = "<group>"; };
		D71F23F21B27F3DF00EDF21E /* Info.plist */ = {isa = PBXFileReference; lastKnownFileType = text.plist.xml; path = Info.plist; sourceTree = "<group>"; };
		D71F23FB1B27F3DF00EDF21E /* Golden_WordsTests.swift */ = {isa = PBXFileReference; lastKnownFileType = sourcecode.swift; path = Golden_WordsTests.swift; sourceTree = "<group>"; };
		D71F23FD1B27F3DF00EDF21E /* Info.plist */ = {isa = PBXFileReference; lastKnownFileType = text.plist.xml; path = Info.plist; sourceTree = "<group>"; };
		D71F24061B27F3DF00EDF21E /* Golden_WordsUITests.swift */ = {isa = PBXFileReference; lastKnownFileType = sourcecode.swift; path = Golden_WordsUITests.swift; sourceTree = "<group>"; };
		D71F24081B27F3DF00EDF21E /* Info.plist */ = {isa = PBXFileReference; lastKnownFileType = text.plist.xml; path = Info.plist; sourceTree = "<group>"; };
		D732A8C01B40884D007DF6D7 /* CurrentIssueArticlesTableViewCell.swift */ = {isa = PBXFileReference; fileEncoding = 4; lastKnownFileType = sourcecode.swift; path = CurrentIssueArticlesTableViewCell.swift; sourceTree = "<group>"; };
		D732A9101B40CE5B007DF6D7 /* CurrentIssueDetailViewController.swift */ = {isa = PBXFileReference; fileEncoding = 4; lastKnownFileType = sourcecode.swift; path = CurrentIssueDetailViewController.swift; sourceTree = "<group>"; };
		D73AAA271B2F8777001E8933 /* MapKit.framework */ = {isa = PBXFileReference; lastKnownFileType = wrapper.framework; name = MapKit.framework; path = System/Library/Frameworks/MapKit.framework; sourceTree = SDKROOT; };
		D73AAA291B2F88A3001E8933 /* MenuController.swift */ = {isa = PBXFileReference; fileEncoding = 4; lastKnownFileType = sourcecode.swift; lineEnding = 0; path = MenuController.swift; sourceTree = "<group>"; xcLanguageSpecificationIdentifier = xcode.lang.swift; };
		D73AAA2B1B2F890D001E8933 /* NewsTableViewController.swift */ = {isa = PBXFileReference; fileEncoding = 4; lastKnownFileType = sourcecode.swift; lineEnding = 0; path = NewsTableViewController.swift; sourceTree = "<group>"; xcLanguageSpecificationIdentifier = xcode.lang.swift; };
		D73AAA2F1B2F8976001E8933 /* NewsTableViewCell.swift */ = {isa = PBXFileReference; fileEncoding = 4; lastKnownFileType = sourcecode.swift; path = NewsTableViewCell.swift; sourceTree = "<group>"; };
		D73AAA311B2F89B8001E8933 /* MapViewController.swift */ = {isa = PBXFileReference; fileEncoding = 4; lastKnownFileType = sourcecode.swift; lineEnding = 0; path = MapViewController.swift; sourceTree = "<group>"; xcLanguageSpecificationIdentifier = xcode.lang.swift; };
		D73AAA331B2F89D1001E8933 /* PhotoBrowserCollectionViewController.swift */ = {isa = PBXFileReference; fileEncoding = 4; lastKnownFileType = sourcecode.swift; lineEnding = 0; path = PhotoBrowserCollectionViewController.swift; sourceTree = "<group>"; xcLanguageSpecificationIdentifier = xcode.lang.swift; };
		D73E1FFA1B41EEA300F37AE0 /* NewsDetailViewController.swift */ = {isa = PBXFileReference; fileEncoding = 4; lastKnownFileType = sourcecode.swift; lineEnding = 0; path = NewsDetailViewController.swift; sourceTree = "<group>"; xcLanguageSpecificationIdentifier = xcode.lang.swift; };
		D73E1FFE1B42BF3B00F37AE0 /* RandomTableViewCell.swift */ = {isa = PBXFileReference; fileEncoding = 4; lastKnownFileType = sourcecode.swift; path = RandomTableViewCell.swift; sourceTree = "<group>"; };
		D74623921B335279001F93BC /* CurrentIssueTableViewController.swift */ = {isa = PBXFileReference; fileEncoding = 4; lastKnownFileType = sourcecode.swift; path = CurrentIssueTableViewController.swift; sourceTree = "<group>"; };
		D74623941B335284001F93BC /* EditorialsTableViewController.swift */ = {isa = PBXFileReference; fileEncoding = 4; lastKnownFileType = sourcecode.swift; lineEnding = 0; path = EditorialsTableViewController.swift; sourceTree = "<group>"; xcLanguageSpecificationIdentifier = xcode.lang.swift; };
		D74623981B3352DE001F93BC /* VideosViewController.swift */ = {isa = PBXFileReference; fileEncoding = 4; lastKnownFileType = sourcecode.swift; lineEnding = 0; path = VideosViewController.swift; sourceTree = "<group>"; xcLanguageSpecificationIdentifier = xcode.lang.swift; };
		D746239A1B3352FC001F93BC /* IssueArchiveViewController.swift */ = {isa = PBXFileReference; fileEncoding = 4; lastKnownFileType = sourcecode.swift; lineEnding = 0; path = IssueArchiveViewController.swift; sourceTree = "<group>"; xcLanguageSpecificationIdentifier = xcode.lang.swift; };
		D746239C1B33531C001F93BC /* AboutViewController.swift */ = {isa = PBXFileReference; fileEncoding = 4; lastKnownFileType = sourcecode.swift; lineEnding = 0; path = AboutViewController.swift; sourceTree = "<group>"; xcLanguageSpecificationIdentifier = xcode.lang.swift; };
		D746239E1B33532D001F93BC /* ContactUsViewController.swift */ = {isa = PBXFileReference; fileEncoding = 4; lastKnownFileType = sourcecode.swift; lineEnding = 0; path = ContactUsViewController.swift; sourceTree = "<group>"; xcLanguageSpecificationIdentifier = xcode.lang.swift; };
		D755AB551B7A4B940022E396 /* Golden WordsTests.xctest */ = {isa = PBXFileReference; explicitFileType = wrapper.cfbundle; includeInIndex = 0; path = "Golden WordsTests.xctest"; sourceTree = BUILT_PRODUCTS_DIR; };
		D755AB561B7A4B940022E396 /* Golden WordsUITests.xctest */ = {isa = PBXFileReference; explicitFileType = wrapper.cfbundle; includeInIndex = 0; path = "Golden WordsUITests.xctest"; sourceTree = BUILT_PRODUCTS_DIR; };
		D757B9181B2F71CA00AACD96 /* UIKit.framework */ = {isa = PBXFileReference; lastKnownFileType = wrapper.framework; name = UIKit.framework; path = System/Library/Frameworks/UIKit.framework; sourceTree = SDKROOT; };
		D75928FB1B8E9C0F009963CA /* RefreshContents.xib */ = {isa = PBXFileReference; fileEncoding = 4; lastKnownFileType = file.xib; path = RefreshContents.xib; sourceTree = "<group>"; };
		D75D96721B7A462D002C1232 /* Golden Words.app */ = {isa = PBXFileReference; explicitFileType = wrapper.application; includeInIndex = 0; path = "Golden Words.app"; sourceTree = BUILT_PRODUCTS_DIR; };
		D75D96761B7A4864002C1232 /* SWRevealViewController.h */ = {isa = PBXFileReference; fileEncoding = 4; lastKnownFileType = sourcecode.c.h; path = SWRevealViewController.h; sourceTree = "<group>"; };
		D75D96771B7A4864002C1232 /* SWRevealViewController.m */ = {isa = PBXFileReference; fileEncoding = 4; lastKnownFileType = sourcecode.c.objc; path = SWRevealViewController.m; sourceTree = "<group>"; };
		D75D96791B7A489E002C1232 /* Golden Words-Bridging-Header.h */ = {isa = PBXFileReference; fileEncoding = 4; lastKnownFileType = sourcecode.c.h; path = "Golden Words-Bridging-Header.h"; sourceTree = "<group>"; };
		D76583611B4DD57900740DED /* JSON.swift */ = {isa = PBXFileReference; fileEncoding = 4; lastKnownFileType = sourcecode.swift; path = JSON.swift; sourceTree = "<group>"; };
		D76583631B4DE2D800740DED /* IssueLocation.swift */ = {isa = PBXFileReference; fileEncoding = 4; lastKnownFileType = sourcecode.swift; path = IssueLocation.swift; sourceTree = "<group>"; };
		D76583651B4DE8AF00740DED /* VCMapView.swift */ = {isa = PBXFileReference; fileEncoding = 4; lastKnownFileType = sourcecode.swift; path = VCMapView.swift; sourceTree = "<group>"; };
		D7728DC41BFE956500A6ECE6 /* SavedArticlesTableViewController.swift */ = {isa = PBXFileReference; fileEncoding = 4; lastKnownFileType = sourcecode.swift; path = SavedArticlesTableViewController.swift; sourceTree = "<group>"; };
		D7728DC61BFE957600A6ECE6 /* SavedArticlesDetailViewController.swift */ = {isa = PBXFileReference; fileEncoding = 4; lastKnownFileType = sourcecode.swift; path = SavedArticlesDetailViewController.swift; sourceTree = "<group>"; };
		D7728DF11BFEBA5100A6ECE6 /* GWDatabaseModel.xcdatamodel */ = {isa = PBXFileReference; lastKnownFileType = wrapper.xcdatamodel; path = GWDatabaseModel.xcdatamodel; sourceTree = "<group>"; };
		D7728DF31BFEBF5400A6ECE6 /* Article+CoreDataProperties.swift */ = {isa = PBXFileReference; fileEncoding = 4; lastKnownFileType = sourcecode.swift; path = "Article+CoreDataProperties.swift"; sourceTree = "<group>"; };
		D7728DF41BFEBF5400A6ECE6 /* Article.swift */ = {isa = PBXFileReference; fileEncoding = 4; lastKnownFileType = sourcecode.swift; path = Article.swift; sourceTree = "<group>"; };
		D7728DFB1BFEDA7100A6ECE6 /* SavedArticlesTableViewCell.swift */ = {isa = PBXFileReference; fileEncoding = 4; lastKnownFileType = sourcecode.swift; path = SavedArticlesTableViewCell.swift; sourceTree = "<group>"; };
		D7728DFD1BFFA90E00A6ECE6 /* JSSAlertView.swift */ = {isa = PBXFileReference; fileEncoding = 4; lastKnownFileType = sourcecode.swift; path = JSSAlertView.swift; sourceTree = "<group>"; };
		D7728DFF1BFFD05D00A6ECE6 /* ClearSans-Bold.ttf */ = {isa = PBXFileReference; lastKnownFileType = file; path = "ClearSans-Bold.ttf"; sourceTree = "<group>"; };
		D7728E001BFFD05D00A6ECE6 /* ClearSans-Light.ttf */ = {isa = PBXFileReference; lastKnownFileType = file; path = "ClearSans-Light.ttf"; sourceTree = "<group>"; };
		D7728E011BFFD05D00A6ECE6 /* ClearSans-Regular.ttf */ = {isa = PBXFileReference; lastKnownFileType = file; path = "ClearSans-Regular.ttf"; sourceTree = "<group>"; };
		D773A2851BB053B600D108D2 /* MyGlobalVariables.swift */ = {isa = PBXFileReference; fileEncoding = 4; lastKnownFileType = sourcecode.swift; lineEnding = 0; path = MyGlobalVariables.swift; sourceTree = "<group>"; xcLanguageSpecificationIdentifier = xcode.lang.swift; };
		D773A2A21BB07C9E00D108D2 /* PhotoBrowserCollectionViewCell.swift */ = {isa = PBXFileReference; fileEncoding = 4; lastKnownFileType = sourcecode.swift; path = PhotoBrowserCollectionViewCell.swift; sourceTree = "<group>"; };
		D773A2A41BB0823300D108D2 /* PhotoBrowserCollectionViewLoadingCell.swift */ = {isa = PBXFileReference; fileEncoding = 4; lastKnownFileType = sourcecode.swift; path = PhotoBrowserCollectionViewLoadingCell.swift; sourceTree = "<group>"; };
		D773A2A61BB0861600D108D2 /* PhotoViewerViewController.swift */ = {isa = PBXFileReference; fileEncoding = 4; lastKnownFileType = sourcecode.swift; lineEnding = 0; path = PhotoViewerViewController.swift; sourceTree = "<group>"; xcLanguageSpecificationIdentifier = xcode.lang.swift; };
		D773A2A81BB0B32B00D108D2 /* GWNetworking.swift */ = {isa = PBXFileReference; fileEncoding = 4; lastKnownFileType = sourcecode.swift; path = GWNetworking.swift; sourceTree = "<group>"; };
		D77D462C1C0E07A2009FB18F /* Indicator+CoreDataProperties.swift */ = {isa = PBXFileReference; fileEncoding = 4; lastKnownFileType = sourcecode.swift; path = "Indicator+CoreDataProperties.swift"; sourceTree = "<group>"; };
		D77D462D1C0E07A2009FB18F /* Indicator.swift */ = {isa = PBXFileReference; fileEncoding = 4; lastKnownFileType = sourcecode.swift; path = Indicator.swift; sourceTree = "<group>"; };
		D78897B11BC6F8DF00126F84 /* Alamofire.xcodeproj */ = {isa = PBXFileReference; lastKnownFileType = "wrapper.pb-project"; name = Alamofire.xcodeproj; path = "Alamofire-744e8e262bbb4900f5bfafb99e2230c6fe4aa220/Alamofire.xcodeproj"; sourceTree = "<group>"; };
		D79BD9951BE90FDE00708001 /* Instructions.xcodeproj */ = {isa = PBXFileReference; lastKnownFileType = "wrapper.pb-project"; name = Instructions.xcodeproj; path = "../Golden Words - Resources/Repositories/Instructions-master/Instructions.xcodeproj"; sourceTree = "<group>"; };
		D79C98E41B866D7B000669A9 /* PullRefreshViewController.swift */ = {isa = PBXFileReference; fileEncoding = 4; lastKnownFileType = sourcecode.swift; path = PullRefreshViewController.swift; sourceTree = "<group>"; };
		D7A3F1641BE7E47900E4321E /* YouTubePlayer.xcodeproj */ = {isa = PBXFileReference; lastKnownFileType = "wrapper.pb-project"; name = YouTubePlayer.xcodeproj; path = "../Golden Words - Resources/Repositories/Swift-YouTube-Player-master/YouTubePlayer/YouTubePlayer.xcodeproj"; sourceTree = "<group>"; };
		D7A3F16E1BE7E68E00E4321E /* VideosDetailViewController.swift */ = {isa = PBXFileReference; fileEncoding = 4; lastKnownFileType = sourcecode.swift; path = VideosDetailViewController.swift; sourceTree = "<group>"; };
		D7A51BA81B3D96DF001E862A /* EditorialsDetailViewController.swift */ = {isa = PBXFileReference; fileEncoding = 4; lastKnownFileType = sourcecode.swift; lineEnding = 0; path = EditorialsDetailViewController.swift; sourceTree = "<group>"; xcLanguageSpecificationIdentifier = xcode.lang.swift; };
		D7A51BAA1B3D98AB001E862A /* EditorialsTableViewCell.swift */ = {isa = PBXFileReference; fileEncoding = 4; lastKnownFileType = sourcecode.swift; path = EditorialsTableViewCell.swift; sourceTree = "<group>"; };
		D7BBC2241BF539620027520F /* customCarouselItemView.swift */ = {isa = PBXFileReference; fileEncoding = 4; lastKnownFileType = sourcecode.swift; path = customCarouselItemView.swift; sourceTree = "<group>"; };
		D7C343831C10F3BB006AA0F8 /* Date View.swift */ = {isa = PBXFileReference; fileEncoding = 4; lastKnownFileType = sourcecode.swift; path = "Date View.swift"; sourceTree = "<group>"; };
		D7C343851C110479006AA0F8 /* CoverImageView.swift */ = {isa = PBXFileReference; fileEncoding = 4; lastKnownFileType = sourcecode.swift; path = CoverImageView.swift; sourceTree = "<group>"; };
		D7DAF1961C0AA24B00E22466 /* Popover.swift */ = {isa = PBXFileReference; fileEncoding = 4; lastKnownFileType = sourcecode.swift; path = Popover.swift; sourceTree = "<group>"; };
		D7DCBF691C0527F50082CF3B /* DGElasticPullToRefreshConstants.swift */ = {isa = PBXFileReference; fileEncoding = 4; lastKnownFileType = sourcecode.swift; path = DGElasticPullToRefreshConstants.swift; sourceTree = "<group>"; };
		D7DCBF6A1C0527F50082CF3B /* DGElasticPullToRefreshExtensions.swift */ = {isa = PBXFileReference; fileEncoding = 4; lastKnownFileType = sourcecode.swift; path = DGElasticPullToRefreshExtensions.swift; sourceTree = "<group>"; };
		D7DCBF6B1C0527F50082CF3B /* DGElasticPullToRefreshLoadingView.swift */ = {isa = PBXFileReference; fileEncoding = 4; lastKnownFileType = sourcecode.swift; path = DGElasticPullToRefreshLoadingView.swift; sourceTree = "<group>"; };
		D7DCBF6C1C0527F50082CF3B /* DGElasticPullToRefreshLoadingViewCircle.swift */ = {isa = PBXFileReference; fileEncoding = 4; lastKnownFileType = sourcecode.swift; path = DGElasticPullToRefreshLoadingViewCircle.swift; sourceTree = "<group>"; };
		D7DCBF6D1C0527F50082CF3B /* DGElasticPullToRefreshView.swift */ = {isa = PBXFileReference; fileEncoding = 4; lastKnownFileType = sourcecode.swift; path = DGElasticPullToRefreshView.swift; sourceTree = "<group>"; };
		D7DCBF801C06642C0082CF3B /* File.swift */ = {isa = PBXFileReference; fileEncoding = 4; lastKnownFileType = sourcecode.swift; path = File.swift; sourceTree = "<group>"; };
		D7E6159E1BE2D5F4008B69AD /* AlamofireImage.xcodeproj */ = {isa = PBXFileReference; lastKnownFileType = "wrapper.pb-project"; name = AlamofireImage.xcodeproj; path = "../Golden Words - Resources/Repositories/AlamofireImage-master/AlamofireImage.xcodeproj"; sourceTree = "<group>"; };
		D7E615CB1BE3DEB4008B69AD /* Assets.xcassets */ = {isa = PBXFileReference; lastKnownFileType = folder.assetcatalog; path = Assets.xcassets; sourceTree = "<group>"; };
		D7E8FF181BEAAA5A003F70EC /* SwiftyJSON.xcodeproj */ = {isa = PBXFileReference; lastKnownFileType = "wrapper.pb-project"; name = SwiftyJSON.xcodeproj; path = "../Golden Words - Resources/Repositories/SwiftyJSON-master/SwiftyJSON.xcodeproj"; sourceTree = "<group>"; };
		D7ECD3D01BF1408200776EAC /* BWCircularSlider.swift */ = {isa = PBXFileReference; fileEncoding = 4; lastKnownFileType = sourcecode.swift; path = BWCircularSlider.swift; sourceTree = "<group>"; };
		D7ECD3DF1BF140CA00776EAC /* BWCircularSliderView.swift */ = {isa = PBXFileReference; fileEncoding = 4; lastKnownFileType = sourcecode.swift; path = BWCircularSliderView.swift; sourceTree = "<group>"; };
		D7F109461BA848EF00B2B545 /* VideoTableViewCell.swift */ = {isa = PBXFileReference; fileEncoding = 4; lastKnownFileType = sourcecode.swift; path = VideoTableViewCell.swift; sourceTree = "<group>"; };
		D7F52BE71B7C03960085201D /* RandomDetailViewController.swift */ = {isa = PBXFileReference; fileEncoding = 4; lastKnownFileType = sourcecode.swift; lineEnding = 0; path = RandomDetailViewController.swift; sourceTree = "<group>"; xcLanguageSpecificationIdentifier = xcode.lang.swift; };
		D7F52BE91B7C03E10085201D /* RandomTableViewController.swift */ = {isa = PBXFileReference; fileEncoding = 4; lastKnownFileType = sourcecode.swift; lineEnding = 0; path = RandomTableViewController.swift; sourceTree = "<group>"; xcLanguageSpecificationIdentifier = xcode.lang.swift; };
		D7F96FC91C6BE3E300036CB7 /* iOS.playground */ = {isa = PBXFileReference; lastKnownFileType = file.playground; name = iOS.playground; path = ../../../../../Desktop/iOS.playground; sourceTree = "<group>"; };
/* End PBXFileReference section */

/* Begin PBXFrameworksBuildPhase section */
		D71F23E01B27F3DF00EDF21E /* Frameworks */ = {
			isa = PBXFrameworksBuildPhase;
			buildActionMask = 2147483647;
			files = (
				D7161D291C03A82D0060BCD4 /* CoreData.framework in Frameworks */,
				D71420CE1BF253F00010C64B /* QuartzCore.framework in Frameworks */,
				D7E615C71BE2D607008B69AD /* AlamofireImage.framework in Frameworks */,
				D78897C31BC6F8E600126F84 /* Alamofire.framework in Frameworks */,
				D73AAA281B2F8777001E8933 /* MapKit.framework in Frameworks */,
				D757B9191B2F71CA00AACD96 /* UIKit.framework in Frameworks */,
				D7E8FF2A1BEAAA64003F70EC /* SwiftyJSON.framework in Frameworks */,
				D79BD9AA1BE90FEA00708001 /* Instructions.framework in Frameworks */,
				D7A3F16A1BE7E48400E4321E /* YouTubePlayer.framework in Frameworks */,
			);
			runOnlyForDeploymentPostprocessing = 0;
		};
		D71F23F41B27F3DF00EDF21E /* Frameworks */ = {
			isa = PBXFrameworksBuildPhase;
			buildActionMask = 2147483647;
			files = (
			);
			runOnlyForDeploymentPostprocessing = 0;
		};
		D71F23FF1B27F3DF00EDF21E /* Frameworks */ = {
			isa = PBXFrameworksBuildPhase;
			buildActionMask = 2147483647;
			files = (
			);
			runOnlyForDeploymentPostprocessing = 0;
		};
/* End PBXFrameworksBuildPhase section */

/* Begin PBXGroup section */
		D70C32B81C07A68A00BFEA68 /* Spring */ = {
			isa = PBXGroup;
			children = (
				D70C32B91C07A68A00BFEA68 /* AsyncButton.swift */,
				D70C32BA1C07A68A00BFEA68 /* AsyncImageView.swift */,
				D70C32BB1C07A68A00BFEA68 /* AutoTextView.swift */,
				D70C32BC1C07A68A00BFEA68 /* BlurView.swift */,
				D70C32BD1C07A68A00BFEA68 /* DesignableButton.swift */,
				D70C32BE1C07A68A00BFEA68 /* DesignableImageView.swift */,
				D70C32BF1C07A68A00BFEA68 /* DesignableLabel.swift */,
				D70C32C01C07A68A00BFEA68 /* DesignableTabBarController.swift */,
				D70C32C11C07A68A00BFEA68 /* DesignableTextField.swift */,
				D70C32C21C07A68A00BFEA68 /* DesignableTextView.swift */,
				D70C32C31C07A68A00BFEA68 /* DesignableView.swift */,
				D70C32C41C07A68A00BFEA68 /* ImageLoader.swift */,
				D70C32C51C07A68A00BFEA68 /* Info.plist */,
				D70C32C61C07A68A00BFEA68 /* KeyboardLayoutConstraint.swift */,
				D70C32C71C07A68A00BFEA68 /* LoadingView.swift */,
				D70C32C81C07A68A00BFEA68 /* LoadingView.xib */,
				D70C32C91C07A68A00BFEA68 /* Misc.swift */,
				D70C32CA1C07A68A00BFEA68 /* SoundPlayer.swift */,
				D70C32CB1C07A68A00BFEA68 /* Spring.h */,
				D70C32CC1C07A68A00BFEA68 /* Spring.swift */,
				D70C32CD1C07A68A00BFEA68 /* SpringAnimation.swift */,
				D70C32CE1C07A68A00BFEA68 /* SpringButton.swift */,
				D70C32CF1C07A68A00BFEA68 /* SpringImageView.swift */,
				D70C32D01C07A68A00BFEA68 /* SpringLabel.swift */,
				D70C32D11C07A68A00BFEA68 /* SpringTextField.swift */,
				D70C32D21C07A68A00BFEA68 /* SpringTextView.swift */,
				D70C32D31C07A68A00BFEA68 /* SpringView.swift */,
				D70C32D41C07A68A00BFEA68 /* TransitionManager.swift */,
				D70C32D51C07A68A00BFEA68 /* TransitionZoom.swift */,
				D70C32D61C07A68A00BFEA68 /* UnwindSegue.swift */,
			);
			path = Spring;
			sourceTree = "<group>";
		};
		D71420C91BF252550010C64B /* iCarousel */ = {
			isa = PBXGroup;
			children = (
				D71420CA1BF252820010C64B /* iCarousel.m */,
				D71420CC1BF252960010C64B /* iCarousel.h */,
			);
			name = iCarousel;
			sourceTree = "<group>";
		};
		D7161CDE1C0277170060BCD4 /* Snowflake */ = {
			isa = PBXGroup;
			children = (
				D7161CCD1C0277130060BCD4 /* Snowflake.swift */,
				D7161CCE1C0277130060BCD4 /* SnowflakesView.swift */,
			);
			name = Snowflake;
			sourceTree = "<group>";
		};
		D71F23DA1B27F3DF00EDF21E = {
			isa = PBXGroup;
			children = (
				D7161D281C03A82D0060BCD4 /* CoreData.framework */,
				D757B9181B2F71CA00AACD96 /* UIKit.framework */,
				D73AAA271B2F8777001E8933 /* MapKit.framework */,
				D71420CD1BF253F00010C64B /* QuartzCore.framework */,
				D7E8FF181BEAAA5A003F70EC /* SwiftyJSON.xcodeproj */,
				D79BD9951BE90FDE00708001 /* Instructions.xcodeproj */,
				D7A3F1641BE7E47900E4321E /* YouTubePlayer.xcodeproj */,
				D7E6159E1BE2D5F4008B69AD /* AlamofireImage.xcodeproj */,
				D78897B11BC6F8DF00126F84 /* Alamofire.xcodeproj */,
				D71F23E51B27F3DF00EDF21E /* Golden Words */,
				D71F23FA1B27F3DF00EDF21E /* Golden WordsTests */,
				D71F24051B27F3DF00EDF21E /* Golden WordsUITests */,
				D75D96721B7A462D002C1232 /* Golden Words.app */,
				D755AB551B7A4B940022E396 /* Golden WordsTests.xctest */,
				D755AB561B7A4B940022E396 /* Golden WordsUITests.xctest */,
			);
			sourceTree = "<group>";
		};
		D71F23E51B27F3DF00EDF21E /* Golden Words */ = {
			isa = PBXGroup;
			children = (
				D732A90F1B40C297007DF6D7 /* External Resources */,
				D71F23E61B27F3DF00EDF21E /* AppDelegate.swift */,
				D73AAA291B2F88A3001E8933 /* MenuController.swift */,
				D773A2851BB053B600D108D2 /* MyGlobalVariables.swift */,
				D773A2A81BB0B32B00D108D2 /* GWNetworking.swift */,
				D732A9051B40C191007DF6D7 /* Current Issue */,
				D732A9061B40C1A1007DF6D7 /* Editorials */,
				D732A9071B40C1AC007DF6D7 /* News */,
				D732A9081B40C1AF007DF6D7 /* Random */,
				D7728DB61BFE954C00A6ECE6 /* Saved Articles */,
				D732A9091B40C1B2007DF6D7 /* Pictures */,
				D732A90A1B40C1B5007DF6D7 /* Videos */,
				D732A90B1B40C1B8007DF6D7 /* Map (Find a paper issue) */,
				D732A90C1B40C1DB007DF6D7 /* Issue Archive */,
				D732A90D1B40C1E0007DF6D7 /* About Golden Words */,
				D732A90E1B40C1E3007DF6D7 /* Contact Us */,
				D71F23EA1B27F3DF00EDF21E /* Main.storyboard */,
				D7F96FC91C6BE3E300036CB7 /* iOS.playground */,
				D71F23EF1B27F3DF00EDF21E /* LaunchScreen.storyboard */,
				D7E615CB1BE3DEB4008B69AD /* Assets.xcassets */,
				D71F23F21B27F3DF00EDF21E /* Info.plist */,
			);
			path = "Golden Words";
			sourceTree = "<group>";
		};
		D71F23FA1B27F3DF00EDF21E /* Golden WordsTests */ = {
			isa = PBXGroup;
			children = (
				D71F23FB1B27F3DF00EDF21E /* Golden_WordsTests.swift */,
				D71F23FD1B27F3DF00EDF21E /* Info.plist */,
			);
			path = "Golden WordsTests";
			sourceTree = "<group>";
		};
		D71F24051B27F3DF00EDF21E /* Golden WordsUITests */ = {
			isa = PBXGroup;
			children = (
				D71F24061B27F3DF00EDF21E /* Golden_WordsUITests.swift */,
				D71F24081B27F3DF00EDF21E /* Info.plist */,
			);
			path = "Golden WordsUITests";
			sourceTree = "<group>";
		};
		D732A9051B40C191007DF6D7 /* Current Issue */ = {
			isa = PBXGroup;
			children = (
				D7C343851C110479006AA0F8 /* CoverImageView.swift */,
				D74623921B335279001F93BC /* CurrentIssueTableViewController.swift */,
				D732A8C01B40884D007DF6D7 /* CurrentIssueArticlesTableViewCell.swift */,
				D732A9101B40CE5B007DF6D7 /* CurrentIssueDetailViewController.swift */,
			);
			name = "Current Issue";
			sourceTree = "<group>";
		};
		D732A9061B40C1A1007DF6D7 /* Editorials */ = {
			isa = PBXGroup;
			children = (
				D74623941B335284001F93BC /* EditorialsTableViewController.swift */,
				D7A51BAA1B3D98AB001E862A /* EditorialsTableViewCell.swift */,
				D7A51BA81B3D96DF001E862A /* EditorialsDetailViewController.swift */,
			);
			name = Editorials;
			sourceTree = "<group>";
		};
		D732A9071B40C1AC007DF6D7 /* News */ = {
			isa = PBXGroup;
			children = (
				D73AAA2B1B2F890D001E8933 /* NewsTableViewController.swift */,
				D73E1FFA1B41EEA300F37AE0 /* NewsDetailViewController.swift */,
				D73AAA2F1B2F8976001E8933 /* NewsTableViewCell.swift */,
			);
			name = News;
			sourceTree = "<group>";
		};
		D732A9081B40C1AF007DF6D7 /* Random */ = {
			isa = PBXGroup;
			children = (
				D7F52BE91B7C03E10085201D /* RandomTableViewController.swift */,
				D73E1FFE1B42BF3B00F37AE0 /* RandomTableViewCell.swift */,
				D7F52BE71B7C03960085201D /* RandomDetailViewController.swift */,
			);
			name = Random;
			sourceTree = "<group>";
		};
		D732A9091B40C1B2007DF6D7 /* Pictures */ = {
			isa = PBXGroup;
			children = (
				D73AAA331B2F89D1001E8933 /* PhotoBrowserCollectionViewController.swift */,
				D773A2A21BB07C9E00D108D2 /* PhotoBrowserCollectionViewCell.swift */,
				D773A2A41BB0823300D108D2 /* PhotoBrowserCollectionViewLoadingCell.swift */,
				D773A2A61BB0861600D108D2 /* PhotoViewerViewController.swift */,
			);
			name = Pictures;
			sourceTree = "<group>";
		};
		D732A90A1B40C1B5007DF6D7 /* Videos */ = {
			isa = PBXGroup;
			children = (
				D74623981B3352DE001F93BC /* VideosViewController.swift */,
				D7F109461BA848EF00B2B545 /* VideoTableViewCell.swift */,
				D7A3F16E1BE7E68E00E4321E /* VideosDetailViewController.swift */,
			);
			name = Videos;
			sourceTree = "<group>";
		};
		D732A90B1B40C1B8007DF6D7 /* Map (Find a paper issue) */ = {
			isa = PBXGroup;
			children = (
				D73AAA311B2F89B8001E8933 /* MapViewController.swift */,
				D76583651B4DE8AF00740DED /* VCMapView.swift */,
				D76583631B4DE2D800740DED /* IssueLocation.swift */,
				D76583611B4DD57900740DED /* JSON.swift */,
			);
			name = "Map (Find a paper issue)";
			sourceTree = "<group>";
		};
		D732A90C1B40C1DB007DF6D7 /* Issue Archive */ = {
			isa = PBXGroup;
			children = (
				D746239A1B3352FC001F93BC /* IssueArchiveViewController.swift */,
				D7BBC2241BF539620027520F /* customCarouselItemView.swift */,
				D7ECD3D01BF1408200776EAC /* BWCircularSlider.swift */,
				D7ECD3DF1BF140CA00776EAC /* BWCircularSliderView.swift */,
			);
			name = "Issue Archive";
			sourceTree = "<group>";
		};
		D732A90D1B40C1E0007DF6D7 /* About Golden Words */ = {
			isa = PBXGroup;
			children = (
				D746239C1B33531C001F93BC /* AboutViewController.swift */,
			);
			name = "About Golden Words";
			sourceTree = "<group>";
		};
		D732A90E1B40C1E3007DF6D7 /* Contact Us */ = {
			isa = PBXGroup;
			children = (
				D746239E1B33532D001F93BC /* ContactUsViewController.swift */,
			);
			name = "Contact Us";
			sourceTree = "<group>";
		};
		D732A90F1B40C297007DF6D7 /* External Resources */ = {
			isa = PBXGroup;
			children = (
				D7C343751C10F3A9006AA0F8 /* Date View */,
				D7DCBF681C0527F50082CF3B /* DGElasticPullToRefresh */,
				D7161CDE1C0277170060BCD4 /* Snowflake */,
				D7728E021BFFD06000A6ECE6 /* Fonts */,
				D70C32B81C07A68A00BFEA68 /* Spring */,
				D75D96791B7A489E002C1232 /* Golden Words-Bridging-Header.h */,
				D7728DFD1BFFA90E00A6ECE6 /* JSSAlertView.swift */,
				D7DAF1961C0AA24B00E22466 /* Popover.swift */,
				D71420C91BF252550010C64B /* iCarousel */,
				D79C98E11B866CE3000669A9 /* PullToRefresh */,
				D79C98E01B866CCA000669A9 /* SWRevealViewController */,
			);
			name = "External Resources";
			sourceTree = "<group>";
		};
		D7728DB61BFE954C00A6ECE6 /* Saved Articles */ = {
			isa = PBXGroup;
			children = (
				D77D462C1C0E07A2009FB18F /* Indicator+CoreDataProperties.swift */,
				D77D462D1C0E07A2009FB18F /* Indicator.swift */,
				D7DCBF801C06642C0082CF3B /* File.swift */,
				D7728DC41BFE956500A6ECE6 /* SavedArticlesTableViewController.swift */,
				D7728DFB1BFEDA7100A6ECE6 /* SavedArticlesTableViewCell.swift */,
				D7728DC61BFE957600A6ECE6 /* SavedArticlesDetailViewController.swift */,
				D7728DF01BFEBA5100A6ECE6 /* GWDatabaseModel.xcdatamodeld */,
				D7728DF31BFEBF5400A6ECE6 /* Article+CoreDataProperties.swift */,
				D7728DF41BFEBF5400A6ECE6 /* Article.swift */,
			);
			name = "Saved Articles";
			sourceTree = "<group>";
		};
		D7728E021BFFD06000A6ECE6 /* Fonts */ = {
			isa = PBXGroup;
			children = (
				D7728DFF1BFFD05D00A6ECE6 /* ClearSans-Bold.ttf */,
				D7728E001BFFD05D00A6ECE6 /* ClearSans-Light.ttf */,
				D7728E011BFFD05D00A6ECE6 /* ClearSans-Regular.ttf */,
			);
			name = Fonts;
			sourceTree = "<group>";
		};
		D78897B21BC6F8DF00126F84 /* Products */ = {
			isa = PBXGroup;
			children = (
				D78897BA1BC6F8DF00126F84 /* Alamofire.framework */,
				D78897BC1BC6F8DF00126F84 /* Alamofire.framework */,
				D78897BE1BC6F8DF00126F84 /* Alamofire.framework */,
				D78897C01BC6F8DF00126F84 /* Alamofire iOS Tests.xctest */,
				D78897C21BC6F8DF00126F84 /* Alamofire OSX Tests.xctest */,
			);
			name = Products;
			sourceTree = "<group>";
		};
		D79BD9961BE90FDE00708001 /* Products */ = {
			isa = PBXGroup;
			children = (
				D79BD9A31BE90FDE00708001 /* Instructions.framework */,
				D79BD9A51BE90FDE00708001 /* InstructionsTests.xctest */,
			);
			name = Products;
			sourceTree = "<group>";
		};
		D79C98E01B866CCA000669A9 /* SWRevealViewController */ = {
			isa = PBXGroup;
			children = (
				D75D96761B7A4864002C1232 /* SWRevealViewController.h */,
				D75D96771B7A4864002C1232 /* SWRevealViewController.m */,
			);
			name = SWRevealViewController;
			sourceTree = "<group>";
		};
		D79C98E11B866CE3000669A9 /* PullToRefresh */ = {
			isa = PBXGroup;
			children = (
				D79C98E41B866D7B000669A9 /* PullRefreshViewController.swift */,
				D75928FB1B8E9C0F009963CA /* RefreshContents.xib */,
			);
			name = PullToRefresh;
			sourceTree = "<group>";
		};
		D7A3F1651BE7E47900E4321E /* Products */ = {
			isa = PBXGroup;
			children = (
				D7A3F1691BE7E47900E4321E /* YouTubePlayer.framework */,
			);
			name = Products;
			sourceTree = "<group>";
		};
		D7C343751C10F3A9006AA0F8 /* Date View */ = {
			isa = PBXGroup;
			children = (
				D7C343831C10F3BB006AA0F8 /* Date View.swift */,
			);
			name = "Date View";
			sourceTree = "<group>";
		};
		D7DCBF681C0527F50082CF3B /* DGElasticPullToRefresh */ = {
			isa = PBXGroup;
			children = (
				D7DCBF691C0527F50082CF3B /* DGElasticPullToRefreshConstants.swift */,
				D7DCBF6A1C0527F50082CF3B /* DGElasticPullToRefreshExtensions.swift */,
				D7DCBF6B1C0527F50082CF3B /* DGElasticPullToRefreshLoadingView.swift */,
				D7DCBF6C1C0527F50082CF3B /* DGElasticPullToRefreshLoadingViewCircle.swift */,
				D7DCBF6D1C0527F50082CF3B /* DGElasticPullToRefreshView.swift */,
			);
			path = DGElasticPullToRefresh;
			sourceTree = "<group>";
		};
		D7E6159F1BE2D5F4008B69AD /* Products */ = {
			isa = PBXGroup;
			children = (
				D7E615A81BE2D5F4008B69AD /* AlamofireImage.framework */,
				D7E615AA1BE2D5F4008B69AD /* AlamofireImage.framework */,
				D7E615AC1BE2D5F4008B69AD /* AlamofireImage.framework */,
				D7E615AE1BE2D5F4008B69AD /* AlamofireImage iOS Tests.xctest */,
				D7E615B01BE2D5F4008B69AD /* AlamofireImage OSX Tests.xctest */,
			);
			name = Products;
			sourceTree = "<group>";
		};
		D7E8FF191BEAAA5A003F70EC /* Products */ = {
			isa = PBXGroup;
			children = (
				D7E8FF211BEAAA5A003F70EC /* SwiftyJSON.framework */,
				D7E8FF231BEAAA5A003F70EC /* SwiftyJSON iOS Tests.xctest */,
				D7E8FF251BEAAA5A003F70EC /* SwiftyJSON.framework */,
				D7E8FF271BEAAA5A003F70EC /* SwiftyJSON OSX Tests.xctest */,
				D7E8FF291BEAAA5A003F70EC /* SwiftyJSON.framework */,
			);
			name = Products;
			sourceTree = "<group>";
		};
/* End PBXGroup section */

/* Begin PBXNativeTarget section */
		D71F23E21B27F3DF00EDF21E /* Golden Words */ = {
			isa = PBXNativeTarget;
			buildConfigurationList = D71F240B1B27F3DF00EDF21E /* Build configuration list for PBXNativeTarget "Golden Words" */;
			buildPhases = (
				D71F23DF1B27F3DF00EDF21E /* Sources */,
				D71F23E01B27F3DF00EDF21E /* Frameworks */,
				D71F23E11B27F3DF00EDF21E /* Resources */,
				D773A29D1BB053FB00D108D2 /* Embed Frameworks */,
			);
			buildRules = (
			);
			dependencies = (
				D78897C61BC6F8E600126F84 /* PBXTargetDependency */,
				D7E615CA1BE2D607008B69AD /* PBXTargetDependency */,
				D7A3F16D1BE7E48400E4321E /* PBXTargetDependency */,
				D79BD9AD1BE90FEA00708001 /* PBXTargetDependency */,
				D7E8FF2D1BEAAA64003F70EC /* PBXTargetDependency */,
			);
			name = "Golden Words";
			productName = "Golden Words";
			productReference = D75D96721B7A462D002C1232 /* Golden Words.app */;
			productType = "com.apple.product-type.application";
		};
		D71F23F61B27F3DF00EDF21E /* Golden WordsTests */ = {
			isa = PBXNativeTarget;
			buildConfigurationList = D71F240E1B27F3DF00EDF21E /* Build configuration list for PBXNativeTarget "Golden WordsTests" */;
			buildPhases = (
				51088E75C85B17521519927D /* Check Pods Manifest.lock */,
				D71F23F31B27F3DF00EDF21E /* Sources */,
				D71F23F41B27F3DF00EDF21E /* Frameworks */,
				D71F23F51B27F3DF00EDF21E /* Resources */,
				16BFF0A572C0EA67619C3FEB /* Embed Pods Frameworks */,
				63B1EA043AD55989F650C105 /* Copy Pods Resources */,
			);
			buildRules = (
			);
			dependencies = (
				D71F23F91B27F3DF00EDF21E /* PBXTargetDependency */,
			);
			name = "Golden WordsTests";
			productName = "Golden WordsTests";
			productReference = D755AB551B7A4B940022E396 /* Golden WordsTests.xctest */;
			productType = "com.apple.product-type.bundle.unit-test";
		};
		D71F24011B27F3DF00EDF21E /* Golden WordsUITests */ = {
			isa = PBXNativeTarget;
			buildConfigurationList = D71F24111B27F3DF00EDF21E /* Build configuration list for PBXNativeTarget "Golden WordsUITests" */;
			buildPhases = (
				7AFBE06C68A89F1CD63585D7 /* Check Pods Manifest.lock */,
				D71F23FE1B27F3DF00EDF21E /* Sources */,
				D71F23FF1B27F3DF00EDF21E /* Frameworks */,
				D71F24001B27F3DF00EDF21E /* Resources */,
				5A6DDF0912FEA63F937200E9 /* Copy Pods Resources */,
			);
			buildRules = (
			);
			dependencies = (
				D71F24041B27F3DF00EDF21E /* PBXTargetDependency */,
			);
			name = "Golden WordsUITests";
			productName = "Golden WordsUITests";
			productReference = D755AB561B7A4B940022E396 /* Golden WordsUITests.xctest */;
			productType = "com.apple.product-type.bundle.ui-testing";
		};
/* End PBXNativeTarget section */

/* Begin PBXProject section */
		D71F23DB1B27F3DF00EDF21E /* Project object */ = {
			isa = PBXProject;
			attributes = {
				LastSwiftUpdateCheck = 0700;
				LastUpgradeCheck = 0700;
				ORGANIZATIONNAME = "Léonard Bonfils";
				TargetAttributes = {
					D71F23E21B27F3DF00EDF21E = {
						CreatedOnToolsVersion = 7.0;
						DevelopmentTeam = 2RZZR7HGK6;
					};
					D71F23F61B27F3DF00EDF21E = {
						CreatedOnToolsVersion = 7.0;
						TestTargetID = D71F23E21B27F3DF00EDF21E;
					};
					D71F24011B27F3DF00EDF21E = {
						CreatedOnToolsVersion = 7.0;
						TestTargetID = D71F23E21B27F3DF00EDF21E;
					};
				};
			};
			buildConfigurationList = D71F23DE1B27F3DF00EDF21E /* Build configuration list for PBXProject "Golden Words" */;
			compatibilityVersion = "Xcode 3.2";
			developmentRegion = English;
			hasScannedForEncodings = 0;
			knownRegions = (
				en,
				Base,
			);
			mainGroup = D71F23DA1B27F3DF00EDF21E;
			productRefGroup = D71F23DA1B27F3DF00EDF21E;
			projectDirPath = "";
			projectReferences = (
				{
					ProductGroup = D78897B21BC6F8DF00126F84 /* Products */;
					ProjectRef = D78897B11BC6F8DF00126F84 /* Alamofire.xcodeproj */;
				},
				{
					ProductGroup = D7E6159F1BE2D5F4008B69AD /* Products */;
					ProjectRef = D7E6159E1BE2D5F4008B69AD /* AlamofireImage.xcodeproj */;
				},
				{
					ProductGroup = D79BD9961BE90FDE00708001 /* Products */;
					ProjectRef = D79BD9951BE90FDE00708001 /* Instructions.xcodeproj */;
				},
				{
					ProductGroup = D7E8FF191BEAAA5A003F70EC /* Products */;
					ProjectRef = D7E8FF181BEAAA5A003F70EC /* SwiftyJSON.xcodeproj */;
				},
				{
					ProductGroup = D7A3F1651BE7E47900E4321E /* Products */;
					ProjectRef = D7A3F1641BE7E47900E4321E /* YouTubePlayer.xcodeproj */;
				},
			);
			projectRoot = "";
			targets = (
				D71F23E21B27F3DF00EDF21E /* Golden Words */,
				D71F23F61B27F3DF00EDF21E /* Golden WordsTests */,
				D71F24011B27F3DF00EDF21E /* Golden WordsUITests */,
			);
		};
/* End PBXProject section */

/* Begin PBXReferenceProxy section */
		D78897BA1BC6F8DF00126F84 /* Alamofire.framework */ = {
			isa = PBXReferenceProxy;
			fileType = wrapper.framework;
			path = Alamofire.framework;
			remoteRef = D78897B91BC6F8DF00126F84 /* PBXContainerItemProxy */;
			sourceTree = BUILT_PRODUCTS_DIR;
		};
		D78897BC1BC6F8DF00126F84 /* Alamofire.framework */ = {
			isa = PBXReferenceProxy;
			fileType = wrapper.framework;
			path = Alamofire.framework;
			remoteRef = D78897BB1BC6F8DF00126F84 /* PBXContainerItemProxy */;
			sourceTree = BUILT_PRODUCTS_DIR;
		};
		D78897BE1BC6F8DF00126F84 /* Alamofire.framework */ = {
			isa = PBXReferenceProxy;
			fileType = wrapper.framework;
			path = Alamofire.framework;
			remoteRef = D78897BD1BC6F8DF00126F84 /* PBXContainerItemProxy */;
			sourceTree = BUILT_PRODUCTS_DIR;
		};
		D78897C01BC6F8DF00126F84 /* Alamofire iOS Tests.xctest */ = {
			isa = PBXReferenceProxy;
			fileType = wrapper.cfbundle;
			path = "Alamofire iOS Tests.xctest";
			remoteRef = D78897BF1BC6F8DF00126F84 /* PBXContainerItemProxy */;
			sourceTree = BUILT_PRODUCTS_DIR;
		};
		D78897C21BC6F8DF00126F84 /* Alamofire OSX Tests.xctest */ = {
			isa = PBXReferenceProxy;
			fileType = wrapper.cfbundle;
			path = "Alamofire OSX Tests.xctest";
			remoteRef = D78897C11BC6F8DF00126F84 /* PBXContainerItemProxy */;
			sourceTree = BUILT_PRODUCTS_DIR;
		};
		D79BD9A31BE90FDE00708001 /* Instructions.framework */ = {
			isa = PBXReferenceProxy;
			fileType = wrapper.framework;
			path = Instructions.framework;
			remoteRef = D79BD9A21BE90FDE00708001 /* PBXContainerItemProxy */;
			sourceTree = BUILT_PRODUCTS_DIR;
		};
		D79BD9A51BE90FDE00708001 /* InstructionsTests.xctest */ = {
			isa = PBXReferenceProxy;
			fileType = wrapper.cfbundle;
			path = InstructionsTests.xctest;
			remoteRef = D79BD9A41BE90FDE00708001 /* PBXContainerItemProxy */;
			sourceTree = BUILT_PRODUCTS_DIR;
		};
		D7A3F1691BE7E47900E4321E /* YouTubePlayer.framework */ = {
			isa = PBXReferenceProxy;
			fileType = wrapper.framework;
			path = YouTubePlayer.framework;
			remoteRef = D7A3F1681BE7E47900E4321E /* PBXContainerItemProxy */;
			sourceTree = BUILT_PRODUCTS_DIR;
		};
		D7E615A81BE2D5F4008B69AD /* AlamofireImage.framework */ = {
			isa = PBXReferenceProxy;
			fileType = wrapper.framework;
			path = AlamofireImage.framework;
			remoteRef = D7E615A71BE2D5F4008B69AD /* PBXContainerItemProxy */;
			sourceTree = BUILT_PRODUCTS_DIR;
		};
		D7E615AA1BE2D5F4008B69AD /* AlamofireImage.framework */ = {
			isa = PBXReferenceProxy;
			fileType = wrapper.framework;
			path = AlamofireImage.framework;
			remoteRef = D7E615A91BE2D5F4008B69AD /* PBXContainerItemProxy */;
			sourceTree = BUILT_PRODUCTS_DIR;
		};
		D7E615AC1BE2D5F4008B69AD /* AlamofireImage.framework */ = {
			isa = PBXReferenceProxy;
			fileType = wrapper.framework;
			path = AlamofireImage.framework;
			remoteRef = D7E615AB1BE2D5F4008B69AD /* PBXContainerItemProxy */;
			sourceTree = BUILT_PRODUCTS_DIR;
		};
		D7E615AE1BE2D5F4008B69AD /* AlamofireImage iOS Tests.xctest */ = {
			isa = PBXReferenceProxy;
			fileType = wrapper.cfbundle;
			path = "AlamofireImage iOS Tests.xctest";
			remoteRef = D7E615AD1BE2D5F4008B69AD /* PBXContainerItemProxy */;
			sourceTree = BUILT_PRODUCTS_DIR;
		};
		D7E615B01BE2D5F4008B69AD /* AlamofireImage OSX Tests.xctest */ = {
			isa = PBXReferenceProxy;
			fileType = wrapper.cfbundle;
			path = "AlamofireImage OSX Tests.xctest";
			remoteRef = D7E615AF1BE2D5F4008B69AD /* PBXContainerItemProxy */;
			sourceTree = BUILT_PRODUCTS_DIR;
		};
		D7E8FF211BEAAA5A003F70EC /* SwiftyJSON.framework */ = {
			isa = PBXReferenceProxy;
			fileType = wrapper.framework;
			path = SwiftyJSON.framework;
			remoteRef = D7E8FF201BEAAA5A003F70EC /* PBXContainerItemProxy */;
			sourceTree = BUILT_PRODUCTS_DIR;
		};
		D7E8FF231BEAAA5A003F70EC /* SwiftyJSON iOS Tests.xctest */ = {
			isa = PBXReferenceProxy;
			fileType = wrapper.cfbundle;
			path = "SwiftyJSON iOS Tests.xctest";
			remoteRef = D7E8FF221BEAAA5A003F70EC /* PBXContainerItemProxy */;
			sourceTree = BUILT_PRODUCTS_DIR;
		};
		D7E8FF251BEAAA5A003F70EC /* SwiftyJSON.framework */ = {
			isa = PBXReferenceProxy;
			fileType = wrapper.framework;
			path = SwiftyJSON.framework;
			remoteRef = D7E8FF241BEAAA5A003F70EC /* PBXContainerItemProxy */;
			sourceTree = BUILT_PRODUCTS_DIR;
		};
		D7E8FF271BEAAA5A003F70EC /* SwiftyJSON OSX Tests.xctest */ = {
			isa = PBXReferenceProxy;
			fileType = wrapper.cfbundle;
			path = "SwiftyJSON OSX Tests.xctest";
			remoteRef = D7E8FF261BEAAA5A003F70EC /* PBXContainerItemProxy */;
			sourceTree = BUILT_PRODUCTS_DIR;
		};
		D7E8FF291BEAAA5A003F70EC /* SwiftyJSON.framework */ = {
			isa = PBXReferenceProxy;
			fileType = wrapper.framework;
			path = SwiftyJSON.framework;
			remoteRef = D7E8FF281BEAAA5A003F70EC /* PBXContainerItemProxy */;
			sourceTree = BUILT_PRODUCTS_DIR;
		};
/* End PBXReferenceProxy section */

/* Begin PBXResourcesBuildPhase section */
		D71F23E11B27F3DF00EDF21E /* Resources */ = {
			isa = PBXResourcesBuildPhase;
			buildActionMask = 2147483647;
			files = (
				D70C32E31C07A68A00BFEA68 /* Info.plist in Resources */,
				D7728E031BFFD3B500A6ECE6 /* ClearSans-Bold.ttf in Resources */,
				D7728E041BFFD3B500A6ECE6 /* ClearSans-Light.ttf in Resources */,
				D7728E051BFFD3B500A6ECE6 /* ClearSans-Regular.ttf in Resources */,
				D71F23F11B27F3DF00EDF21E /* LaunchScreen.storyboard in Resources */,
				D71F23EC1B27F3DF00EDF21E /* Main.storyboard in Resources */,
				D70C32E61C07A68A00BFEA68 /* LoadingView.xib in Resources */,
				D75928FC1B8E9C0F009963CA /* RefreshContents.xib in Resources */,
				D7E615CC1BE3DEB4008B69AD /* Assets.xcassets in Resources */,
			);
			runOnlyForDeploymentPostprocessing = 0;
		};
		D71F23F51B27F3DF00EDF21E /* Resources */ = {
			isa = PBXResourcesBuildPhase;
			buildActionMask = 2147483647;
			files = (
			);
			runOnlyForDeploymentPostprocessing = 0;
		};
		D71F24001B27F3DF00EDF21E /* Resources */ = {
			isa = PBXResourcesBuildPhase;
			buildActionMask = 2147483647;
			files = (
			);
			runOnlyForDeploymentPostprocessing = 0;
		};
/* End PBXResourcesBuildPhase section */

/* Begin PBXShellScriptBuildPhase section */
		16BFF0A572C0EA67619C3FEB /* Embed Pods Frameworks */ = {
			isa = PBXShellScriptBuildPhase;
			buildActionMask = 2147483647;
			files = (
			);
			inputPaths = (
			);
			name = "Embed Pods Frameworks";
			outputPaths = (
			);
			runOnlyForDeploymentPostprocessing = 0;
			shellPath = /bin/sh;
			shellScript = "\"${SRCROOT}/Pods/Target Support Files/Pods/Pods-frameworks.sh\"\n";
			showEnvVarsInLog = 0;
		};
		51088E75C85B17521519927D /* Check Pods Manifest.lock */ = {
			isa = PBXShellScriptBuildPhase;
			buildActionMask = 2147483647;
			files = (
			);
			inputPaths = (
			);
			name = "Check Pods Manifest.lock";
			outputPaths = (
			);
			runOnlyForDeploymentPostprocessing = 0;
			shellPath = /bin/sh;
			shellScript = "diff \"${PODS_ROOT}/../Podfile.lock\" \"${PODS_ROOT}/Manifest.lock\" > /dev/null\nif [[ $? != 0 ]] ; then\n    cat << EOM\nerror: The sandbox is not in sync with the Podfile.lock. Run 'pod install' or update your CocoaPods installation.\nEOM\n    exit 1\nfi\n";
			showEnvVarsInLog = 0;
		};
		5A6DDF0912FEA63F937200E9 /* Copy Pods Resources */ = {
			isa = PBXShellScriptBuildPhase;
			buildActionMask = 2147483647;
			files = (
			);
			inputPaths = (
			);
			name = "Copy Pods Resources";
			outputPaths = (
			);
			runOnlyForDeploymentPostprocessing = 0;
			shellPath = /bin/sh;
			shellScript = "\"${SRCROOT}/Pods/Target Support Files/Pods/Pods-resources.sh\"\n";
			showEnvVarsInLog = 0;
		};
		63B1EA043AD55989F650C105 /* Copy Pods Resources */ = {
			isa = PBXShellScriptBuildPhase;
			buildActionMask = 2147483647;
			files = (
			);
			inputPaths = (
			);
			name = "Copy Pods Resources";
			outputPaths = (
			);
			runOnlyForDeploymentPostprocessing = 0;
			shellPath = /bin/sh;
			shellScript = "\"${SRCROOT}/Pods/Target Support Files/Pods/Pods-resources.sh\"\n";
			showEnvVarsInLog = 0;
		};
		7AFBE06C68A89F1CD63585D7 /* Check Pods Manifest.lock */ = {
			isa = PBXShellScriptBuildPhase;
			buildActionMask = 2147483647;
			files = (
			);
			inputPaths = (
			);
			name = "Check Pods Manifest.lock";
			outputPaths = (
			);
			runOnlyForDeploymentPostprocessing = 0;
			shellPath = /bin/sh;
			shellScript = "diff \"${PODS_ROOT}/../Podfile.lock\" \"${PODS_ROOT}/Manifest.lock\" > /dev/null\nif [[ $? != 0 ]] ; then\n    cat << EOM\nerror: The sandbox is not in sync with the Podfile.lock. Run 'pod install' or update your CocoaPods installation.\nEOM\n    exit 1\nfi\n";
			showEnvVarsInLog = 0;
		};
/* End PBXShellScriptBuildPhase section */

/* Begin PBXSourcesBuildPhase section */
		D71F23DF1B27F3DF00EDF21E /* Sources */ = {
			isa = PBXSourcesBuildPhase;
			buildActionMask = 2147483647;
			files = (
				D74623991B3352DE001F93BC /* VideosViewController.swift in Sources */,
				D70C32F01C07A68A00BFEA68 /* SpringView.swift in Sources */,
				D70C32DF1C07A68A00BFEA68 /* DesignableTextField.swift in Sources */,
				D70C32DA1C07A68A00BFEA68 /* BlurView.swift in Sources */,
				D70C32DD1C07A68A00BFEA68 /* DesignableLabel.swift in Sources */,
				D7ECD3D11BF1408200776EAC /* BWCircularSlider.swift in Sources */,
				D73AAA2A1B2F88A3001E8933 /* MenuController.swift in Sources */,
				D73E1FFB1B41EEA300F37AE0 /* NewsDetailViewController.swift in Sources */,
				D7DCBF6E1C0527F50082CF3B /* DGElasticPullToRefreshConstants.swift in Sources */,
				D71F23E71B27F3DF00EDF21E /* AppDelegate.swift in Sources */,
				D74623931B335279001F93BC /* CurrentIssueTableViewController.swift in Sources */,
				D7728DC71BFE957600A6ECE6 /* SavedArticlesDetailViewController.swift in Sources */,
				D76583661B4DE8B000740DED /* VCMapView.swift in Sources */,
				D7161CCF1C0277130060BCD4 /* Snowflake.swift in Sources */,
				D70C32E41C07A68A00BFEA68 /* KeyboardLayoutConstraint.swift in Sources */,
				D70C32ED1C07A68A00BFEA68 /* SpringLabel.swift in Sources */,
				D77D462F1C0E07A2009FB18F /* Indicator.swift in Sources */,
				D7A51BA91B3D96DF001E862A /* EditorialsDetailViewController.swift in Sources */,
				D76583641B4DE2D800740DED /* IssueLocation.swift in Sources */,
				D7F52BE81B7C03960085201D /* RandomDetailViewController.swift in Sources */,
				D70C32EB1C07A68A00BFEA68 /* SpringButton.swift in Sources */,
				D70C32F31C07A68A00BFEA68 /* UnwindSegue.swift in Sources */,
				D7DCBF6F1C0527F50082CF3B /* DGElasticPullToRefreshExtensions.swift in Sources */,
				D70C32F21C07A68A00BFEA68 /* TransitionZoom.swift in Sources */,
				D746239B1B3352FC001F93BC /* IssueArchiveViewController.swift in Sources */,
				D7728DF61BFEBF5400A6ECE6 /* Article.swift in Sources */,
				D74623951B335284001F93BC /* EditorialsTableViewController.swift in Sources */,
				D7A3F16F1BE7E68E00E4321E /* VideosDetailViewController.swift in Sources */,
				D7DCBF711C0527F50082CF3B /* DGElasticPullToRefreshLoadingViewCircle.swift in Sources */,
				D70C32D91C07A68A00BFEA68 /* AutoTextView.swift in Sources */,
				D73E1FFF1B42BF3B00F37AE0 /* RandomTableViewCell.swift in Sources */,
				D75D96781B7A4864002C1232 /* SWRevealViewController.m in Sources */,
				D73AAA2D1B2F890D001E8933 /* NewsTableViewController.swift in Sources */,
				D773A2A31BB07C9E00D108D2 /* PhotoBrowserCollectionViewCell.swift in Sources */,
				D7F52BEA1B7C03E10085201D /* RandomTableViewController.swift in Sources */,
				D76583621B4DD57900740DED /* JSON.swift in Sources */,
				D746239F1B33532D001F93BC /* ContactUsViewController.swift in Sources */,
				D732A9111B40CE5B007DF6D7 /* CurrentIssueDetailViewController.swift in Sources */,
				D7DCBF701C0527F50082CF3B /* DGElasticPullToRefreshLoadingView.swift in Sources */,
				D7DCBF811C06642C0082CF3B /* File.swift in Sources */,
				D732A8C11B40884D007DF6D7 /* CurrentIssueArticlesTableViewCell.swift in Sources */,
				D773A2A71BB0861600D108D2 /* PhotoViewerViewController.swift in Sources */,
				D77D462E1C0E07A2009FB18F /* Indicator+CoreDataProperties.swift in Sources */,
				D70C32E71C07A68A00BFEA68 /* Misc.swift in Sources */,
				D70C32E91C07A68A00BFEA68 /* Spring.swift in Sources */,
				D7C343841C10F3BB006AA0F8 /* Date View.swift in Sources */,
				D70C32DC1C07A68A00BFEA68 /* DesignableImageView.swift in Sources */,
				D70C32EC1C07A68A00BFEA68 /* SpringImageView.swift in Sources */,
				D7DCBF721C0527F50082CF3B /* DGElasticPullToRefreshView.swift in Sources */,
				D70C32E21C07A68A00BFEA68 /* ImageLoader.swift in Sources */,
				D70C32DB1C07A68A00BFEA68 /* DesignableButton.swift in Sources */,
				D773A2A91BB0B32B00D108D2 /* GWNetworking.swift in Sources */,
				D7A51BAB1B3D98AB001E862A /* EditorialsTableViewCell.swift in Sources */,
				D73AAA321B2F89B8001E8933 /* MapViewController.swift in Sources */,
				D7BBC2251BF539620027520F /* customCarouselItemView.swift in Sources */,
				D7161CD01C0277130060BCD4 /* SnowflakesView.swift in Sources */,
				D7DAF1971C0AA24B00E22466 /* Popover.swift in Sources */,
				D71420CB1BF252820010C64B /* iCarousel.m in Sources */,
				D70C32E51C07A68A00BFEA68 /* LoadingView.swift in Sources */,
				D70C32E01C07A68A00BFEA68 /* DesignableTextView.swift in Sources */,
				D7728DF21BFEBA5100A6ECE6 /* GWDatabaseModel.xcdatamodeld in Sources */,
				D773A2861BB053B600D108D2 /* MyGlobalVariables.swift in Sources */,
				D70C32DE1C07A68A00BFEA68 /* DesignableTabBarController.swift in Sources */,
				D70C32EF1C07A68A00BFEA68 /* SpringTextView.swift in Sources */,
				D70C32D81C07A68A00BFEA68 /* AsyncImageView.swift in Sources */,
				D7728DFE1BFFA90E00A6ECE6 /* JSSAlertView.swift in Sources */,
				D7728DFC1BFEDA7100A6ECE6 /* SavedArticlesTableViewCell.swift in Sources */,
				D73AAA301B2F8976001E8933 /* NewsTableViewCell.swift in Sources */,
				D70C32E11C07A68A00BFEA68 /* DesignableView.swift in Sources */,
				D70C32D71C07A68A00BFEA68 /* AsyncButton.swift in Sources */,
				D70C32F11C07A68A00BFEA68 /* TransitionManager.swift in Sources */,
				D773A2A51BB0823300D108D2 /* PhotoBrowserCollectionViewLoadingCell.swift in Sources */,
				D7ECD3E01BF140CA00776EAC /* BWCircularSliderView.swift in Sources */,
				D7728DC51BFE956500A6ECE6 /* SavedArticlesTableViewController.swift in Sources */,
				D70C32EE1C07A68A00BFEA68 /* SpringTextField.swift in Sources */,
				D79C98E51B866D7B000669A9 /* PullRefreshViewController.swift in Sources */,
				D7728DF51BFEBF5400A6ECE6 /* Article+CoreDataProperties.swift in Sources */,
				D746239D1B33531C001F93BC /* AboutViewController.swift in Sources */,
				D73AAA341B2F89D1001E8933 /* PhotoBrowserCollectionViewController.swift in Sources */,
				D70C32EA1C07A68A00BFEA68 /* SpringAnimation.swift in Sources */,
				D7C343861C110479006AA0F8 /* CoverImageView.swift in Sources */,
				D70C32E81C07A68A00BFEA68 /* SoundPlayer.swift in Sources */,
				D7F109471BA848EF00B2B545 /* VideoTableViewCell.swift in Sources */,
			);
			runOnlyForDeploymentPostprocessing = 0;
		};
		D71F23F31B27F3DF00EDF21E /* Sources */ = {
			isa = PBXSourcesBuildPhase;
			buildActionMask = 2147483647;
			files = (
				D71F23FC1B27F3DF00EDF21E /* Golden_WordsTests.swift in Sources */,
			);
			runOnlyForDeploymentPostprocessing = 0;
		};
		D71F23FE1B27F3DF00EDF21E /* Sources */ = {
			isa = PBXSourcesBuildPhase;
			buildActionMask = 2147483647;
			files = (
				D71F24071B27F3DF00EDF21E /* Golden_WordsUITests.swift in Sources */,
			);
			runOnlyForDeploymentPostprocessing = 0;
		};
/* End PBXSourcesBuildPhase section */

/* Begin PBXTargetDependency section */
		D71F23F91B27F3DF00EDF21E /* PBXTargetDependency */ = {
			isa = PBXTargetDependency;
			target = D71F23E21B27F3DF00EDF21E /* Golden Words */;
			targetProxy = D71F23F81B27F3DF00EDF21E /* PBXContainerItemProxy */;
		};
		D71F24041B27F3DF00EDF21E /* PBXTargetDependency */ = {
			isa = PBXTargetDependency;
			target = D71F23E21B27F3DF00EDF21E /* Golden Words */;
			targetProxy = D71F24031B27F3DF00EDF21E /* PBXContainerItemProxy */;
		};
		D78897C61BC6F8E600126F84 /* PBXTargetDependency */ = {
			isa = PBXTargetDependency;
			name = "Alamofire iOS";
			targetProxy = D78897C51BC6F8E600126F84 /* PBXContainerItemProxy */;
		};
		D79BD9AD1BE90FEA00708001 /* PBXTargetDependency */ = {
			isa = PBXTargetDependency;
			name = Instructions;
			targetProxy = D79BD9AC1BE90FEA00708001 /* PBXContainerItemProxy */;
		};
		D7A3F16D1BE7E48400E4321E /* PBXTargetDependency */ = {
			isa = PBXTargetDependency;
			name = YouTubePlayer;
			targetProxy = D7A3F16C1BE7E48400E4321E /* PBXContainerItemProxy */;
		};
		D7E615CA1BE2D607008B69AD /* PBXTargetDependency */ = {
			isa = PBXTargetDependency;
			name = "AlamofireImage iOS";
			targetProxy = D7E615C91BE2D607008B69AD /* PBXContainerItemProxy */;
		};
		D7E8FF2D1BEAAA64003F70EC /* PBXTargetDependency */ = {
			isa = PBXTargetDependency;
			name = "SwiftyJSON iOS";
			targetProxy = D7E8FF2C1BEAAA64003F70EC /* PBXContainerItemProxy */;
		};
/* End PBXTargetDependency section */

/* Begin PBXVariantGroup section */
		D71F23EA1B27F3DF00EDF21E /* Main.storyboard */ = {
			isa = PBXVariantGroup;
			children = (
				D71F23EB1B27F3DF00EDF21E /* Base */,
			);
			name = Main.storyboard;
			sourceTree = "<group>";
		};
		D71F23EF1B27F3DF00EDF21E /* LaunchScreen.storyboard */ = {
			isa = PBXVariantGroup;
			children = (
				D71F23F01B27F3DF00EDF21E /* Base */,
			);
			name = LaunchScreen.storyboard;
			sourceTree = "<group>";
		};
/* End PBXVariantGroup section */

/* Begin XCBuildConfiguration section */
		D71F24091B27F3DF00EDF21E /* Debug */ = {
			isa = XCBuildConfiguration;
			buildSettings = {
				ALWAYS_SEARCH_USER_PATHS = NO;
				CLANG_CXX_LANGUAGE_STANDARD = "gnu++0x";
				CLANG_CXX_LIBRARY = "libc++";
				CLANG_ENABLE_MODULES = YES;
				CLANG_ENABLE_OBJC_ARC = YES;
				CLANG_WARN_BOOL_CONVERSION = YES;
				CLANG_WARN_CONSTANT_CONVERSION = YES;
				CLANG_WARN_DIRECT_OBJC_ISA_USAGE = YES_ERROR;
				CLANG_WARN_EMPTY_BODY = YES;
				CLANG_WARN_ENUM_CONVERSION = YES;
				CLANG_WARN_INT_CONVERSION = YES;
				CLANG_WARN_OBJC_ROOT_CLASS = YES_ERROR;
				CLANG_WARN_UNREACHABLE_CODE = YES;
				CLANG_WARN__DUPLICATE_METHOD_MATCH = YES;
				"CODE_SIGN_IDENTITY[sdk=iphoneos*]" = "iPhone Developer";
				COPY_PHASE_STRIP = NO;
				DEBUG_INFORMATION_FORMAT = dwarf;
				ENABLE_STRICT_OBJC_MSGSEND = YES;
				ENABLE_TESTABILITY = YES;
				GCC_C_LANGUAGE_STANDARD = gnu99;
				GCC_DYNAMIC_NO_PIC = NO;
				GCC_NO_COMMON_BLOCKS = YES;
				GCC_OPTIMIZATION_LEVEL = 0;
				GCC_PREPROCESSOR_DEFINITIONS = (
					"DEBUG=1",
					"$(inherited)",
				);
				GCC_WARN_64_TO_32_BIT_CONVERSION = YES;
				GCC_WARN_ABOUT_RETURN_TYPE = YES_ERROR;
				GCC_WARN_UNDECLARED_SELECTOR = YES;
				GCC_WARN_UNINITIALIZED_AUTOS = YES_AGGRESSIVE;
				GCC_WARN_UNUSED_FUNCTION = YES;
				GCC_WARN_UNUSED_VARIABLE = YES;
				IPHONEOS_DEPLOYMENT_TARGET = 9.0;
				MTL_ENABLE_DEBUG_INFO = YES;
				ONLY_ACTIVE_ARCH = YES;
				SDKROOT = iphoneos;
				SWIFT_OPTIMIZATION_LEVEL = "-Onone";
			};
			name = Debug;
		};
		D71F240A1B27F3DF00EDF21E /* Release */ = {
			isa = XCBuildConfiguration;
			buildSettings = {
				ALWAYS_SEARCH_USER_PATHS = NO;
				CLANG_CXX_LANGUAGE_STANDARD = "gnu++0x";
				CLANG_CXX_LIBRARY = "libc++";
				CLANG_ENABLE_MODULES = YES;
				CLANG_ENABLE_OBJC_ARC = YES;
				CLANG_WARN_BOOL_CONVERSION = YES;
				CLANG_WARN_CONSTANT_CONVERSION = YES;
				CLANG_WARN_DIRECT_OBJC_ISA_USAGE = YES_ERROR;
				CLANG_WARN_EMPTY_BODY = YES;
				CLANG_WARN_ENUM_CONVERSION = YES;
				CLANG_WARN_INT_CONVERSION = YES;
				CLANG_WARN_OBJC_ROOT_CLASS = YES_ERROR;
				CLANG_WARN_UNREACHABLE_CODE = YES;
				CLANG_WARN__DUPLICATE_METHOD_MATCH = YES;
				"CODE_SIGN_IDENTITY[sdk=iphoneos*]" = "iPhone Developer";
				COPY_PHASE_STRIP = NO;
				DEBUG_INFORMATION_FORMAT = "dwarf-with-dsym";
				ENABLE_NS_ASSERTIONS = NO;
				ENABLE_STRICT_OBJC_MSGSEND = YES;
				GCC_C_LANGUAGE_STANDARD = gnu99;
				GCC_NO_COMMON_BLOCKS = YES;
				GCC_WARN_64_TO_32_BIT_CONVERSION = YES;
				GCC_WARN_ABOUT_RETURN_TYPE = YES_ERROR;
				GCC_WARN_UNDECLARED_SELECTOR = YES;
				GCC_WARN_UNINITIALIZED_AUTOS = YES_AGGRESSIVE;
				GCC_WARN_UNUSED_FUNCTION = YES;
				GCC_WARN_UNUSED_VARIABLE = YES;
				IPHONEOS_DEPLOYMENT_TARGET = 9.0;
				MTL_ENABLE_DEBUG_INFO = NO;
				SDKROOT = iphoneos;
				VALIDATE_PRODUCT = YES;
			};
			name = Release;
		};
		D71F240C1B27F3DF00EDF21E /* Debug */ = {
			isa = XCBuildConfiguration;
			buildSettings = {
				ASSETCATALOG_COMPILER_APPICON_NAME = AppIcon;
				ASSETCATALOG_COMPILER_LAUNCHIMAGE_NAME = LaunchImage;
				CLANG_ENABLE_MODULES = YES;
				CODE_SIGN_IDENTITY = "iPhone Developer";
				"CODE_SIGN_IDENTITY[sdk=iphoneos*]" = "iPhone Developer";
				DEFINES_MODULE = YES;
				EMBEDDED_CONTENT_CONTAINS_SWIFT = YES;
				FRAMEWORK_SEARCH_PATHS = (
					"$(inherited)",
					"$(PROJECT_DIR)/build/Debug-iphoneos/Pods",
					"$(PROJECT_DIR)/build/Debug-iphoneos",
					"$(PROJECT_DIR)",
				);
				INFOPLIST_FILE = "Golden Words/Info.plist";
				IPHONEOS_DEPLOYMENT_TARGET = 9.0;
				LD_RUNPATH_SEARCH_PATHS = "$(inherited) @executable_path/Frameworks";
				PRODUCT_BUNDLE_IDENTIFIER = com.LeonardBonfils.GoldenWords.beta;
				PRODUCT_NAME = "$(TARGET_NAME)";
				PROVISIONING_PROFILE = "";
				SWIFT_OBJC_BRIDGING_HEADER = "Golden Words/Golden Words-Bridging-Header.h";
				SWIFT_OPTIMIZATION_LEVEL = "-Onone";
			};
			name = Debug;
		};
		D71F240D1B27F3DF00EDF21E /* Release */ = {
			isa = XCBuildConfiguration;
			buildSettings = {
				ASSETCATALOG_COMPILER_APPICON_NAME = AppIcon;
				ASSETCATALOG_COMPILER_LAUNCHIMAGE_NAME = LaunchImage;
				CLANG_ENABLE_MODULES = YES;
				CODE_SIGN_IDENTITY = "iPhone Developer";
				"CODE_SIGN_IDENTITY[sdk=iphoneos*]" = "iPhone Developer";
				DEFINES_MODULE = YES;
				EMBEDDED_CONTENT_CONTAINS_SWIFT = YES;
				FRAMEWORK_SEARCH_PATHS = (
					"$(inherited)",
					"$(PROJECT_DIR)/build/Debug-iphoneos/Pods",
					"$(PROJECT_DIR)/build/Debug-iphoneos",
					"$(PROJECT_DIR)",
				);
				INFOPLIST_FILE = "Golden Words/Info.plist";
				IPHONEOS_DEPLOYMENT_TARGET = 9.0;
				LD_RUNPATH_SEARCH_PATHS = "$(inherited) @executable_path/Frameworks";
				PRODUCT_BUNDLE_IDENTIFIER = com.LeonardBonfils.GoldenWords.beta;
				PRODUCT_NAME = "$(TARGET_NAME)";
				PROVISIONING_PROFILE = "";
				SWIFT_OBJC_BRIDGING_HEADER = "Golden Words/Golden Words-Bridging-Header.h";
				SWIFT_OPTIMIZATION_LEVEL = "-Onone";
			};
			name = Release;
		};
		D71F240F1B27F3DF00EDF21E /* Debug */ = {
			isa = XCBuildConfiguration;
			buildSettings = {
				BUNDLE_LOADER = "$(TEST_HOST)";
				FRAMEWORK_SEARCH_PATHS = (
					"$(inherited)",
					"$(PROJECT_DIR)/build/Debug-iphoneos",
				);
				INFOPLIST_FILE = "Golden WordsTests/Info.plist";
				LD_RUNPATH_SEARCH_PATHS = "$(inherited) @executable_path/Frameworks @loader_path/Frameworks";
				PRODUCT_BUNDLE_IDENTIFIER = "LB.Golden-WordsTests";
				PRODUCT_NAME = "$(TARGET_NAME)";
				TEST_HOST = "$(BUILT_PRODUCTS_DIR)/Golden Words.app/Golden Words";
			};
			name = Debug;
		};
		D71F24101B27F3DF00EDF21E /* Release */ = {
			isa = XCBuildConfiguration;
			buildSettings = {
				BUNDLE_LOADER = "$(TEST_HOST)";
				FRAMEWORK_SEARCH_PATHS = (
					"$(inherited)",
					"$(PROJECT_DIR)/build/Debug-iphoneos",
				);
				INFOPLIST_FILE = "Golden WordsTests/Info.plist";
				LD_RUNPATH_SEARCH_PATHS = "$(inherited) @executable_path/Frameworks @loader_path/Frameworks";
				PRODUCT_BUNDLE_IDENTIFIER = "LB.Golden-WordsTests";
				PRODUCT_NAME = "$(TARGET_NAME)";
				TEST_HOST = "$(BUILT_PRODUCTS_DIR)/Golden Words.app/Golden Words";
			};
			name = Release;
		};
		D71F24121B27F3DF00EDF21E /* Debug */ = {
			isa = XCBuildConfiguration;
			buildSettings = {
				FRAMEWORK_SEARCH_PATHS = (
					"$(inherited)",
					"$(PROJECT_DIR)/build/Debug-iphoneos",
				);
				INFOPLIST_FILE = "Golden WordsUITests/Info.plist";
				LD_RUNPATH_SEARCH_PATHS = "$(inherited) @executable_path/Frameworks @loader_path/Frameworks";
				PRODUCT_BUNDLE_IDENTIFIER = "LB.Golden-WordsUITests";
				PRODUCT_NAME = "$(TARGET_NAME)";
				TEST_TARGET_NAME = "Golden Words";
				USES_XCTRUNNER = YES;
			};
			name = Debug;
		};
		D71F24131B27F3DF00EDF21E /* Release */ = {
			isa = XCBuildConfiguration;
			buildSettings = {
				FRAMEWORK_SEARCH_PATHS = (
					"$(inherited)",
					"$(PROJECT_DIR)/build/Debug-iphoneos",
				);
				INFOPLIST_FILE = "Golden WordsUITests/Info.plist";
				LD_RUNPATH_SEARCH_PATHS = "$(inherited) @executable_path/Frameworks @loader_path/Frameworks";
				PRODUCT_BUNDLE_IDENTIFIER = "LB.Golden-WordsUITests";
				PRODUCT_NAME = "$(TARGET_NAME)";
				TEST_TARGET_NAME = "Golden Words";
				USES_XCTRUNNER = YES;
			};
			name = Release;
		};
/* End XCBuildConfiguration section */

/* Begin XCConfigurationList section */
		D71F23DE1B27F3DF00EDF21E /* Build configuration list for PBXProject "Golden Words" */ = {
			isa = XCConfigurationList;
			buildConfigurations = (
				D71F24091B27F3DF00EDF21E /* Debug */,
				D71F240A1B27F3DF00EDF21E /* Release */,
			);
			defaultConfigurationIsVisible = 0;
			defaultConfigurationName = Release;
		};
		D71F240B1B27F3DF00EDF21E /* Build configuration list for PBXNativeTarget "Golden Words" */ = {
			isa = XCConfigurationList;
			buildConfigurations = (
				D71F240C1B27F3DF00EDF21E /* Debug */,
				D71F240D1B27F3DF00EDF21E /* Release */,
			);
			defaultConfigurationIsVisible = 0;
			defaultConfigurationName = Release;
		};
		D71F240E1B27F3DF00EDF21E /* Build configuration list for PBXNativeTarget "Golden WordsTests" */ = {
			isa = XCConfigurationList;
			buildConfigurations = (
				D71F240F1B27F3DF00EDF21E /* Debug */,
				D71F24101B27F3DF00EDF21E /* Release */,
			);
			defaultConfigurationIsVisible = 0;
			defaultConfigurationName = Release;
		};
		D71F24111B27F3DF00EDF21E /* Build configuration list for PBXNativeTarget "Golden WordsUITests" */ = {
			isa = XCConfigurationList;
			buildConfigurations = (
				D71F24121B27F3DF00EDF21E /* Debug */,
				D71F24131B27F3DF00EDF21E /* Release */,
			);
			defaultConfigurationIsVisible = 0;
			defaultConfigurationName = Release;
		};
/* End XCConfigurationList section */

/* Begin XCVersionGroup section */
		D7728DF01BFEBA5100A6ECE6 /* GWDatabaseModel.xcdatamodeld */ = {
			isa = XCVersionGroup;
			children = (
				D7728DF11BFEBA5100A6ECE6 /* GWDatabaseModel.xcdatamodel */,
			);
			currentVersion = D7728DF11BFEBA5100A6ECE6 /* GWDatabaseModel.xcdatamodel */;
			path = GWDatabaseModel.xcdatamodeld;
			sourceTree = "<group>";
			versionGroupType = wrapper.xcdatamodel;
		};
/* End XCVersionGroup section */
	};
	rootObject = D71F23DB1B27F3DF00EDF21E /* Project object */;
}
